{
  "version": 4,
  "terraform_version": "1.9.5",
  "serial": 91,
  "lineage": "f3c1727f-f132-c7cb-c2f6-b38a592757a4",
  "outputs": {},
  "resources": [
    {
      "mode": "data",
      "type": "aws_ami",
      "name": "ubuntu",
      "provider": "provider[\"registry.terraform.io/hashicorp/aws\"]",
      "instances": [
        {
          "schema_version": 0,
          "attributes": {
            "architecture": "x86_64",
            "arn": "arn:aws:ec2:us-east-1::image/ami-0f9de6e2d2f067fca",
            "block_device_mappings": [
              {
                "device_name": "/dev/sda1",
                "ebs": {
                  "delete_on_termination": "true",
                  "encrypted": "false",
                  "iops": "0",
                  "snapshot_id": "snap-0706476dde26d8e82",
                  "throughput": "0",
                  "volume_size": "8",
                  "volume_type": "gp2"
                },
                "no_device": "",
                "virtual_name": ""
              },
              {
                "device_name": "/dev/sdb",
                "ebs": {},
                "no_device": "",
                "virtual_name": "ephemeral0"
              },
              {
                "device_name": "/dev/sdc",
                "ebs": {},
                "no_device": "",
                "virtual_name": "ephemeral1"
              }
            ],
            "boot_mode": "uefi-preferred",
            "creation_date": "2025-03-05T03:14:49.000Z",
            "deprecation_time": "2027-03-05T03:14:49.000Z",
            "description": "Canonical, Ubuntu, 22.04, amd64 jammy image",
            "ena_support": true,
            "executable_users": null,
            "filter": [
              {
                "name": "name",
                "values": [
                  "ubuntu/images/hvm-ssd/ubuntu-jammy-22.04-amd64-server-*"
                ]
              },
              {
                "name": "virtualization-type",
                "values": [
                  "hvm"
                ]
              }
            ],
            "hypervisor": "xen",
            "id": "ami-0f9de6e2d2f067fca",
            "image_id": "ami-0f9de6e2d2f067fca",
            "image_location": "amazon/ubuntu/images/hvm-ssd/ubuntu-jammy-22.04-amd64-server-20250305",
            "image_owner_alias": "amazon",
            "image_type": "machine",
            "imds_support": "",
            "include_deprecated": false,
            "kernel_id": "",
            "most_recent": true,
            "name": "ubuntu/images/hvm-ssd/ubuntu-jammy-22.04-amd64-server-20250305",
            "name_regex": null,
            "owner_id": "099720109477",
            "owners": [
              "099720109477"
            ],
            "platform": "",
            "platform_details": "Linux/UNIX",
            "product_codes": [],
            "public": true,
            "ramdisk_id": "",
            "root_device_name": "/dev/sda1",
            "root_device_type": "ebs",
            "root_snapshot_id": "snap-0706476dde26d8e82",
            "sriov_net_support": "simple",
            "state": "available",
            "state_reason": {
              "code": "UNSET",
              "message": "UNSET"
            },
            "tags": {},
            "timeouts": null,
            "tpm_support": "",
            "uefi_data": null,
            "usage_operation": "RunInstances",
            "virtualization_type": "hvm"
          },
          "sensitive_attributes": []
        }
      ]
    },
    {
      "mode": "managed",
      "type": "aws_iam_instance_profile",
      "name": "jenkins_master",
      "provider": "provider[\"registry.terraform.io/hashicorp/aws\"]",
      "instances": [
        {
          "schema_version": 0,
          "attributes": {
            "arn": "arn:aws:iam::677276109057:instance-profile/jenkins-master-profile",
            "create_date": "2025-03-17T13:26:53Z",
            "id": "jenkins-master-profile",
            "name": "jenkins-master-profile",
            "name_prefix": "",
            "path": "/",
            "role": "jenkins-master-role",
            "tags": {},
            "tags_all": {
              "CostCenter": "DevOps",
              "Environment": "Production",
              "Project": "CI/CD Pipeline",
              "Terraform": "true"
            },
            "unique_id": "AIPAZ3MGNJEA6KRJUCYVH"
          },
          "sensitive_attributes": [],
          "private": "bnVsbA==",
          "dependencies": [
            "aws_iam_role.jenkins_master"
          ]
        }
      ]
    },
    {
      "mode": "managed",
      "type": "aws_iam_role",
      "name": "jenkins_master",
      "provider": "provider[\"registry.terraform.io/hashicorp/aws\"]",
      "instances": [
        {
          "schema_version": 0,
          "attributes": {
            "arn": "arn:aws:iam::677276109057:role/jenkins-master-role",
            "assume_role_policy": "{\"Statement\":[{\"Action\":\"sts:AssumeRole\",\"Effect\":\"Allow\",\"Principal\":{\"Service\":\"ec2.amazonaws.com\"}}],\"Version\":\"2012-10-17\"}",
            "create_date": "2025-03-17T13:26:51Z",
            "description": "",
            "force_detach_policies": false,
            "id": "jenkins-master-role",
            "inline_policy": [],
            "managed_policy_arns": [
              "arn:aws:iam::aws:policy/AmazonEC2ContainerRegistryReadOnly",
              "arn:aws:iam::aws:policy/AmazonS3ReadOnlyAccess"
            ],
            "max_session_duration": 3600,
            "name": "jenkins-master-role",
            "name_prefix": "",
            "path": "/",
            "permissions_boundary": "",
            "tags": {},
            "tags_all": {
              "CostCenter": "DevOps",
              "Environment": "Production",
              "Project": "CI/CD Pipeline",
              "Terraform": "true"
            },
            "unique_id": "AROAZ3MGNJEAX3ZLI3BQC"
          },
          "sensitive_attributes": [],
          "private": "bnVsbA=="
        }
      ]
    },
    {
      "mode": "managed",
      "type": "aws_instance",
      "name": "ansible_controller",
      "provider": "provider[\"registry.terraform.io/hashicorp/aws\"]",
      "instances": [
        {
          "schema_version": 1,
          "attributes": {
            "ami": "ami-0f9de6e2d2f067fca",
            "arn": "arn:aws:ec2:us-east-1:677276109057:instance/i-0300abf2c520f7902",
            "associate_public_ip_address": true,
            "availability_zone": "us-east-1a",
            "capacity_reservation_specification": [
              {
                "capacity_reservation_preference": "open",
                "capacity_reservation_target": []
              }
            ],
            "cpu_core_count": 1,
            "cpu_options": [
              {
                "amd_sev_snp": "",
                "core_count": 1,
                "threads_per_core": 1
              }
            ],
            "cpu_threads_per_core": 1,
            "credit_specification": [
              {
                "cpu_credits": "standard"
              }
            ],
            "disable_api_stop": false,
            "disable_api_termination": false,
            "ebs_block_device": [],
            "ebs_optimized": false,
            "enable_primary_ipv6": null,
            "enclave_options": [
              {
                "enabled": false
              }
            ],
            "ephemeral_block_device": [],
            "get_password_data": false,
            "hibernation": false,
            "host_id": "",
            "host_resource_group_arn": null,
            "iam_instance_profile": "",
            "id": "i-0300abf2c520f7902",
            "instance_initiated_shutdown_behavior": "stop",
            "instance_lifecycle": "",
            "instance_market_options": [],
            "instance_state": "running",
            "instance_type": "t2.micro",
            "ipv6_address_count": 0,
            "ipv6_addresses": [],
            "key_name": "jenkins-ci-cd-key-prod",
            "launch_template": [],
            "maintenance_options": [
              {
                "auto_recovery": "default"
              }
            ],
            "metadata_options": [
              {
                "http_endpoint": "enabled",
                "http_protocol_ipv6": "disabled",
                "http_put_response_hop_limit": 1,
                "http_tokens": "optional",
                "instance_metadata_tags": "disabled"
              }
            ],
            "monitoring": true,
            "network_interface": [],
            "outpost_arn": "",
            "password_data": "",
            "placement_group": "",
            "placement_partition_number": 0,
            "primary_network_interface_id": "eni-0f694df39d89d5821",
            "private_dns": "ip-10-0-1-12.ec2.internal",
            "private_dns_name_options": [
              {
                "enable_resource_name_dns_a_record": false,
                "enable_resource_name_dns_aaaa_record": false,
                "hostname_type": "ip-name"
              }
            ],
            "private_ip": "10.0.1.12",
            "public_dns": "ec2-18-232-178-199.compute-1.amazonaws.com",
            "public_ip": "18.232.178.199",
            "root_block_device": [
              {
                "delete_on_termination": true,
                "device_name": "/dev/sda1",
                "encrypted": false,
                "iops": 3000,
                "kms_key_id": "",
                "tags": {},
                "tags_all": {
                  "CostCenter": "DevOps",
                  "Environment": "Production",
                  "Project": "CI/CD Pipeline",
                  "Terraform": "true"
                },
                "throughput": 125,
                "volume_id": "vol-0f24378e99979d134",
                "volume_size": 30,
                "volume_type": "gp3"
              }
            ],
            "secondary_private_ips": [],
            "security_groups": [],
            "source_dest_check": true,
            "spot_instance_request_id": "",
            "subnet_id": "subnet-0749aed70129fb980",
            "tags": {
              "Name": "Ansible-Controller"
            },
            "tags_all": {
              "CostCenter": "DevOps",
              "Environment": "Production",
              "Name": "Ansible-Controller",
              "Project": "CI/CD Pipeline",
              "Terraform": "true"
            },
            "tenancy": "default",
            "timeouts": null,
            "user_data": "0dc6a125c7ba7f452f0f4f02b239f25003c6f2d5",
            "user_data_base64": null,
            "user_data_replace_on_change": false,
            "volume_tags": null,
            "vpc_security_group_ids": [
              "sg-0963b038443a76e37"
            ]
          },
          "sensitive_attributes": [
            [
              {
                "type": "get_attr",
                "value": "user_data"
              }
            ]
          ],
          "private": "eyJlMmJmYjczMC1lY2FhLTExZTYtOGY4OC0zNDM2M2JjN2M0YzAiOnsiY3JlYXRlIjo2MDAwMDAwMDAwMDAsImRlbGV0ZSI6MTIwMDAwMDAwMDAwMCwicmVhZCI6OTAwMDAwMDAwMDAwLCJ1cGRhdGUiOjYwMDAwMDAwMDAwMH0sInNjaGVtYV92ZXJzaW9uIjoiMSJ9",
          "dependencies": [
            "aws_key_pair.generated_key",
            "aws_security_group.ansible_sg",
            "data.aws_ami.ubuntu",
            "module.vpc.aws_subnet.public",
            "module.vpc.aws_vpc.this",
            "module.vpc.aws_vpc_ipv4_cidr_block_association.this",
            "tls_private_key.ssh_key"
          ]
        }
      ]
    },
    {
      "mode": "managed",
      "type": "aws_instance",
      "name": "jenkins_agent",
      "provider": "provider[\"registry.terraform.io/hashicorp/aws\"]",
      "instances": [
        {
          "index_key": 0,
          "schema_version": 1,
          "attributes": {
            "ami": "ami-0f9de6e2d2f067fca",
            "arn": "arn:aws:ec2:us-east-1:677276109057:instance/i-06cf11a234cdac7da",
            "associate_public_ip_address": true,
            "availability_zone": "us-east-1a",
            "capacity_reservation_specification": [
              {
                "capacity_reservation_preference": "open",
                "capacity_reservation_target": []
              }
            ],
            "cpu_core_count": 1,
            "cpu_options": [
              {
                "amd_sev_snp": "",
                "core_count": 1,
                "threads_per_core": 2
              }
            ],
            "cpu_threads_per_core": 2,
            "credit_specification": [
              {
                "cpu_credits": "standard"
              }
            ],
            "disable_api_stop": false,
            "disable_api_termination": false,
            "ebs_block_device": [],
            "ebs_optimized": false,
            "enable_primary_ipv6": null,
            "enclave_options": [
              {
                "enabled": false
              }
            ],
            "ephemeral_block_device": [],
            "get_password_data": false,
            "hibernation": false,
            "host_id": "",
            "host_resource_group_arn": null,
            "iam_instance_profile": "",
            "id": "i-06cf11a234cdac7da",
            "instance_initiated_shutdown_behavior": "stop",
            "instance_lifecycle": "",
            "instance_market_options": [],
            "instance_state": "running",
            "instance_type": "t3.micro",
            "ipv6_address_count": 0,
            "ipv6_addresses": [],
            "key_name": "jenkins-ci-cd-key-prod",
            "launch_template": [],
            "maintenance_options": [
              {
                "auto_recovery": "default"
              }
            ],
            "metadata_options": [
              {
                "http_endpoint": "enabled",
                "http_protocol_ipv6": "disabled",
                "http_put_response_hop_limit": 1,
                "http_tokens": "optional",
                "instance_metadata_tags": "disabled"
              }
            ],
            "monitoring": false,
            "network_interface": [],
            "outpost_arn": "",
            "password_data": "",
            "placement_group": "",
            "placement_partition_number": 0,
            "primary_network_interface_id": "eni-0dba17304dddfa312",
            "private_dns": "ip-10-0-1-23.ec2.internal",
            "private_dns_name_options": [
              {
                "enable_resource_name_dns_a_record": false,
                "enable_resource_name_dns_aaaa_record": false,
                "hostname_type": "ip-name"
              }
            ],
            "private_ip": "10.0.1.23",
            "public_dns": "ec2-44-192-7-18.compute-1.amazonaws.com",
            "public_ip": "44.192.7.18",
            "root_block_device": [
              {
                "delete_on_termination": true,
                "device_name": "/dev/sda1",
                "encrypted": false,
                "iops": 100,
                "kms_key_id": "",
                "tags": {
                  "CostCenter": "DevOps",
                  "Environment": "Production",
                  "Project": "CI/CD Pipeline",
                  "Terraform": "true"
                },
                "tags_all": {
                  "CostCenter": "DevOps",
                  "Environment": "Production",
                  "Project": "CI/CD Pipeline",
                  "Terraform": "true"
                },
                "throughput": 0,
                "volume_id": "vol-08e77dad453a32fa0",
                "volume_size": 8,
                "volume_type": "gp2"
              }
            ],
            "secondary_private_ips": [],
            "security_groups": [],
            "source_dest_check": true,
            "spot_instance_request_id": "",
            "subnet_id": "subnet-0749aed70129fb980",
            "tags": {
              "Name": "Jenkins-Agent-1"
            },
            "tags_all": {
              "CostCenter": "DevOps",
              "Environment": "Production",
              "Name": "Jenkins-Agent-1",
              "Project": "CI/CD Pipeline",
              "Terraform": "true"
            },
            "tenancy": "default",
            "timeouts": null,
            "user_data": "e94603e9095f621da9c5f940cd68308208e03a9a",
            "user_data_base64": null,
            "user_data_replace_on_change": false,
            "volume_tags": null,
            "vpc_security_group_ids": [
              "sg-0f2fc8e38e0f80f3f"
            ]
          },
          "sensitive_attributes": [],
          "private": "eyJlMmJmYjczMC1lY2FhLTExZTYtOGY4OC0zNDM2M2JjN2M0YzAiOnsiY3JlYXRlIjo2MDAwMDAwMDAwMDAsImRlbGV0ZSI6MTIwMDAwMDAwMDAwMCwicmVhZCI6OTAwMDAwMDAwMDAwLCJ1cGRhdGUiOjYwMDAwMDAwMDAwMH0sInNjaGVtYV92ZXJzaW9uIjoiMSJ9",
          "dependencies": [
            "aws_key_pair.generated_key",
            "aws_security_group.jenkins_agent_sg",
            "data.aws_ami.ubuntu",
            "module.vpc.aws_subnet.public",
            "module.vpc.aws_vpc.this",
            "module.vpc.aws_vpc_ipv4_cidr_block_association.this",
            "tls_private_key.ssh_key"
          ]
        },
        {
          "index_key": 1,
          "schema_version": 1,
          "attributes": {
            "ami": "ami-0f9de6e2d2f067fca",
            "arn": "arn:aws:ec2:us-east-1:677276109057:instance/i-0497a8edba9b97dd9",
            "associate_public_ip_address": true,
            "availability_zone": "us-east-1a",
            "capacity_reservation_specification": [
              {
                "capacity_reservation_preference": "open",
                "capacity_reservation_target": []
              }
            ],
            "cpu_core_count": 1,
            "cpu_options": [
              {
                "amd_sev_snp": "",
                "core_count": 1,
                "threads_per_core": 2
              }
            ],
            "cpu_threads_per_core": 2,
            "credit_specification": [
              {
                "cpu_credits": "unlimited"
              }
            ],
            "disable_api_stop": false,
            "disable_api_termination": false,
            "ebs_block_device": [],
            "ebs_optimized": false,
            "enable_primary_ipv6": null,
            "enclave_options": [
              {
                "enabled": false
              }
            ],
            "ephemeral_block_device": [],
            "get_password_data": false,
            "hibernation": false,
            "host_id": "",
            "host_resource_group_arn": null,
            "iam_instance_profile": "",
            "id": "i-0497a8edba9b97dd9",
            "instance_initiated_shutdown_behavior": "stop",
            "instance_lifecycle": "",
            "instance_market_options": [],
            "instance_state": "running",
            "instance_type": "t3.micro",
            "ipv6_address_count": 0,
            "ipv6_addresses": [],
            "key_name": "jenkins-ci-cd-key-prod",
            "launch_template": [],
            "maintenance_options": [
              {
                "auto_recovery": "default"
              }
            ],
            "metadata_options": [
              {
                "http_endpoint": "enabled",
                "http_protocol_ipv6": "disabled",
                "http_put_response_hop_limit": 1,
                "http_tokens": "optional",
                "instance_metadata_tags": "disabled"
              }
            ],
            "monitoring": false,
            "network_interface": [],
            "outpost_arn": "",
            "password_data": "",
            "placement_group": "",
            "placement_partition_number": 0,
            "primary_network_interface_id": "eni-0cf63f68a59f0c706",
            "private_dns": "ip-10-0-1-17.ec2.internal",
            "private_dns_name_options": [
              {
                "enable_resource_name_dns_a_record": false,
                "enable_resource_name_dns_aaaa_record": false,
                "hostname_type": "ip-name"
              }
            ],
            "private_ip": "10.0.1.17",
            "public_dns": "ec2-3-228-218-49.compute-1.amazonaws.com",
            "public_ip": "3.228.218.49",
            "root_block_device": [
              {
                "delete_on_termination": true,
                "device_name": "/dev/sda1",
                "encrypted": false,
                "iops": 100,
                "kms_key_id": "",
                "tags": {
                  "CostCenter": "DevOps",
                  "Environment": "Production",
                  "Project": "CI/CD Pipeline",
                  "Terraform": "true"
                },
                "tags_all": {
                  "CostCenter": "DevOps",
                  "Environment": "Production",
                  "Project": "CI/CD Pipeline",
                  "Terraform": "true"
                },
                "throughput": 0,
                "volume_id": "vol-03336477fb815e6d3",
                "volume_size": 8,
                "volume_type": "gp2"
              }
            ],
            "secondary_private_ips": [],
            "security_groups": [],
            "source_dest_check": true,
            "spot_instance_request_id": "",
            "subnet_id": "subnet-0749aed70129fb980",
            "tags": {
              "Name": "Jenkins-Agent-2"
            },
            "tags_all": {
              "CostCenter": "DevOps",
              "Environment": "Production",
              "Name": "Jenkins-Agent-2",
              "Project": "CI/CD Pipeline",
              "Terraform": "true"
            },
            "tenancy": "default",
            "timeouts": null,
            "user_data": "e94603e9095f621da9c5f940cd68308208e03a9a",
            "user_data_base64": null,
            "user_data_replace_on_change": false,
            "volume_tags": null,
            "vpc_security_group_ids": [
              "sg-0f2fc8e38e0f80f3f"
            ]
          },
          "sensitive_attributes": [],
          "private": "eyJlMmJmYjczMC1lY2FhLTExZTYtOGY4OC0zNDM2M2JjN2M0YzAiOnsiY3JlYXRlIjo2MDAwMDAwMDAwMDAsImRlbGV0ZSI6MTIwMDAwMDAwMDAwMCwicmVhZCI6OTAwMDAwMDAwMDAwLCJ1cGRhdGUiOjYwMDAwMDAwMDAwMH0sInNjaGVtYV92ZXJzaW9uIjoiMSJ9",
          "dependencies": [
            "aws_key_pair.generated_key",
            "aws_security_group.jenkins_agent_sg",
            "data.aws_ami.ubuntu",
            "module.vpc.aws_subnet.public",
            "module.vpc.aws_vpc.this",
            "module.vpc.aws_vpc_ipv4_cidr_block_association.this",
            "tls_private_key.ssh_key"
          ]
        }
      ]
    },
    {
      "mode": "managed",
      "type": "aws_instance",
      "name": "jenkins_master",
      "provider": "provider[\"registry.terraform.io/hashicorp/aws\"]",
      "instances": [
        {
          "schema_version": 1,
          "attributes": {
            "ami": "ami-0f9de6e2d2f067fca",
            "arn": "arn:aws:ec2:us-east-1:677276109057:instance/i-0145b2714322ca498",
            "associate_public_ip_address": true,
            "availability_zone": "us-east-1a",
            "capacity_reservation_specification": [
              {
                "capacity_reservation_preference": "open",
                "capacity_reservation_target": []
              }
            ],
            "cpu_core_count": 1,
            "cpu_options": [
              {
                "amd_sev_snp": "",
                "core_count": 1,
                "threads_per_core": 2
              }
            ],
            "cpu_threads_per_core": 2,
            "credit_specification": [
              {
                "cpu_credits": "unlimited"
              }
            ],
            "disable_api_stop": false,
            "disable_api_termination": false,
            "ebs_block_device": [],
            "ebs_optimized": false,
            "enable_primary_ipv6": null,
            "enclave_options": [
              {
                "enabled": false
              }
            ],
            "ephemeral_block_device": [],
            "get_password_data": false,
            "hibernation": false,
            "host_id": "",
            "host_resource_group_arn": null,
            "iam_instance_profile": "jenkins-master-profile",
            "id": "i-0145b2714322ca498",
            "instance_initiated_shutdown_behavior": "stop",
            "instance_lifecycle": "",
            "instance_market_options": [],
            "instance_state": "running",
            "instance_type": "t3.micro",
            "ipv6_address_count": 0,
            "ipv6_addresses": [],
            "key_name": "jenkins-ci-cd-key-prod",
            "launch_template": [],
            "maintenance_options": [
              {
                "auto_recovery": "default"
              }
            ],
            "metadata_options": [
              {
                "http_endpoint": "enabled",
                "http_protocol_ipv6": "disabled",
                "http_put_response_hop_limit": 1,
                "http_tokens": "optional",
                "instance_metadata_tags": "disabled"
              }
            ],
            "monitoring": true,
            "network_interface": [],
            "outpost_arn": "",
            "password_data": "",
            "placement_group": "",
            "placement_partition_number": 0,
            "primary_network_interface_id": "eni-06b9d9c2adc51ef1c",
            "private_dns": "ip-10-0-1-225.ec2.internal",
            "private_dns_name_options": [
              {
                "enable_resource_name_dns_a_record": false,
                "enable_resource_name_dns_aaaa_record": false,
                "hostname_type": "ip-name"
              }
            ],
            "private_ip": "10.0.1.225",
            "public_dns": "ec2-98-81-112-18.compute-1.amazonaws.com",
            "public_ip": "98.81.112.18",
            "root_block_device": [
              {
                "delete_on_termination": true,
                "device_name": "/dev/sda1",
                "encrypted": false,
                "iops": 3000,
                "kms_key_id": "",
                "tags": {},
                "tags_all": {
                  "CostCenter": "DevOps",
                  "Environment": "Production",
                  "Project": "CI/CD Pipeline",
                  "Terraform": "true"
                },
                "throughput": 125,
                "volume_id": "vol-024eb6362dd8e6d45",
                "volume_size": 50,
                "volume_type": "gp3"
              }
            ],
            "secondary_private_ips": [],
            "security_groups": [],
            "source_dest_check": true,
            "spot_instance_request_id": "",
            "subnet_id": "subnet-0749aed70129fb980",
            "tags": {
              "Name": "Jenkins-Master"
            },
            "tags_all": {
              "CostCenter": "DevOps",
              "Environment": "Production",
              "Name": "Jenkins-Master",
              "Project": "CI/CD Pipeline",
              "Terraform": "true"
            },
            "tenancy": "default",
            "timeouts": null,
            "user_data": "40568d997a57684d72d6f097fc44908db521e601",
            "user_data_base64": null,
            "user_data_replace_on_change": false,
            "volume_tags": null,
            "vpc_security_group_ids": [
              "sg-0617b5778ad23e974"
            ]
          },
          "sensitive_attributes": [],
          "private": "eyJlMmJmYjczMC1lY2FhLTExZTYtOGY4OC0zNDM2M2JjN2M0YzAiOnsiY3JlYXRlIjo2MDAwMDAwMDAwMDAsImRlbGV0ZSI6MTIwMDAwMDAwMDAwMCwicmVhZCI6OTAwMDAwMDAwMDAwLCJ1cGRhdGUiOjYwMDAwMDAwMDAwMH0sInNjaGVtYV92ZXJzaW9uIjoiMSJ9",
          "dependencies": [
            "aws_iam_instance_profile.jenkins_master",
            "aws_iam_role.jenkins_master",
            "aws_key_pair.generated_key",
            "aws_security_group.ansible_sg",
            "aws_security_group.jenkins_master_sg",
            "data.aws_ami.ubuntu",
            "module.vpc.aws_subnet.public",
            "module.vpc.aws_vpc.this",
            "module.vpc.aws_vpc_ipv4_cidr_block_association.this",
            "tls_private_key.ssh_key"
          ]
        }
      ]
    },
    {
      "mode": "managed",
      "type": "aws_key_pair",
      "name": "generated_key",
      "provider": "provider[\"registry.terraform.io/hashicorp/aws\"]",
      "instances": [
        {
          "schema_version": 1,
          "attributes": {
            "arn": "arn:aws:ec2:us-east-1:677276109057:key-pair/jenkins-ci-cd-key-prod",
            "fingerprint": "7d:60:d9:bf:c0:17:81:79:ab:a1:e2:d2:ad:07:3d:76",
            "id": "jenkins-ci-cd-key-prod",
            "key_name": "jenkins-ci-cd-key-prod",
            "key_name_prefix": "",
            "key_pair_id": "key-06898601c7f3b4624",
            "key_type": "rsa",
            "public_key": "ssh-rsa AAAAB3NzaC1yc2EAAAADAQABAAACAQDDy/0Q0+hJKveyH+c0yTI6/wjyOZ4wvTKe7HKjssE9gny9li6H34H9FHXW708FVtme87EGXU5eVVcbcG8KzvdFCi+i9g6bqRlreos1xdcuFREOIUhZt7vhSo7Sp875lmKyxvixOLqgq3+kHKJPOepR5m1RL3i5V2stjz4oqBcz1xPTBAXX2zd14b7CxfJWZE3/I5srT5aRxPdli10Ej+QfZw5V82F8o+FWcdxKCXAFJH3CkLR262Lfbc7nvQvVaUZBqI3O+GJJNXNmx4jS+i52I+Z6MwCD4ugk1IbSdKjpY9OIZPGMkzTzenttEEsxtx2tMm42RQbTdY7so9eGQ5uhmkoFMonEjHM1mfXGao8EDbWxCZq/wwP7bSP4RvsHqLCHFk8kopoM/kClCQdWNp84t5UV3ARRQ4VT33rF9rMFE/yAjulm9glhVqQTCXM99ltuW2DHoodX8FshPc2Rgdjq3Ls4IP9JRrQDFLu2AvzpLzqH38uicOraUCumV7a72AQyDQE4GyYRuvzlCUqeFOEZsX3G5fpfSyvWjGOt73pAU61tY5llCbPWFtDpBVqQLRAu9MTMz7D0qrPQcfyifzqE7Dz2rWbFzwma2J0jElVrbEbBNfiv0A8WvHdTEDChhocWzPGv/J30Uhk/Yt0hgStTsIOlBTQcvnHEBf8KJfSMAw==",
            "tags": {},
            "tags_all": {
              "CostCenter": "DevOps",
              "Environment": "Production",
              "Project": "CI/CD Pipeline",
              "Terraform": "true"
            }
          },
          "sensitive_attributes": [],
          "private": "eyJzY2hlbWFfdmVyc2lvbiI6IjEifQ==",
          "dependencies": [
            "tls_private_key.ssh_key"
          ]
        }
      ]
    },
    {
      "mode": "managed",
      "type": "aws_security_group",
      "name": "ansible_sg",
      "provider": "provider[\"registry.terraform.io/hashicorp/aws\"]",
      "instances": [
        {
          "schema_version": 1,
          "attributes": {
            "arn": "arn:aws:ec2:us-east-1:677276109057:security-group/sg-0963b038443a76e37",
            "description": "Ansible Controller security group",
            "egress": [
              {
                "cidr_blocks": [
                  "0.0.0.0/0"
                ],
                "description": "",
                "from_port": 0,
                "ipv6_cidr_blocks": [],
                "prefix_list_ids": [],
                "protocol": "-1",
                "security_groups": [],
                "self": false,
                "to_port": 0
              }
            ],
            "id": "sg-0963b038443a76e37",
            "ingress": [
              {
                "cidr_blocks": [
                  "0.0.0.0/0"
                ],
                "description": "SSH from trusted IPs",
                "from_port": 22,
                "ipv6_cidr_blocks": [],
                "prefix_list_ids": [],
                "protocol": "tcp",
                "security_groups": [],
                "self": false,
                "to_port": 22
              }
            ],
            "name": "ansible-controller-sg",
            "name_prefix": "",
            "owner_id": "677276109057",
            "revoke_rules_on_delete": false,
            "tags": {
              "Role": "Ansible-Controller"
            },
            "tags_all": {
              "CostCenter": "DevOps",
              "Environment": "Production",
              "Project": "CI/CD Pipeline",
              "Role": "Ansible-Controller",
              "Terraform": "true"
            },
            "timeouts": null,
            "vpc_id": "vpc-00a5791a6a2f92c0e"
          },
          "sensitive_attributes": [],
          "private": "eyJlMmJmYjczMC1lY2FhLTExZTYtOGY4OC0zNDM2M2JjN2M0YzAiOnsiY3JlYXRlIjo2MDAwMDAwMDAwMDAsImRlbGV0ZSI6OTAwMDAwMDAwMDAwfSwic2NoZW1hX3ZlcnNpb24iOiIxIn0=",
          "dependencies": [
            "module.vpc.aws_vpc.this"
          ]
        }
      ]
    },
    {
      "mode": "managed",
      "type": "aws_security_group",
      "name": "jenkins_agent_sg",
      "provider": "provider[\"registry.terraform.io/hashicorp/aws\"]",
      "instances": [
        {
          "schema_version": 1,
          "attributes": {
            "arn": "arn:aws:ec2:us-east-1:677276109057:security-group/sg-0f2fc8e38e0f80f3f",
            "description": "Jenkins Agent security group",
            "egress": [
              {
                "cidr_blocks": [
                  "0.0.0.0/0"
                ],
                "description": "",
                "from_port": 0,
                "ipv6_cidr_blocks": [],
                "prefix_list_ids": [],
                "protocol": "-1",
                "security_groups": [],
                "self": false,
                "to_port": 0
              }
            ],
            "id": "sg-0f2fc8e38e0f80f3f",
            "ingress": [
              {
                "cidr_blocks": [
                  "0.0.0.0/0"
                ],
                "description": "SSH from Controller \u0026 Master",
                "from_port": 22,
                "ipv6_cidr_blocks": [],
                "prefix_list_ids": [],
                "protocol": "tcp",
                "security_groups": [],
                "self": false,
                "to_port": 22
              },
              {
                "cidr_blocks": [
                  "10.0.0.0/16"
                ],
                "description": "Agent Communication",
                "from_port": 50000,
                "ipv6_cidr_blocks": [],
                "prefix_list_ids": [],
                "protocol": "tcp",
                "security_groups": [],
                "self": false,
                "to_port": 50000
              }
            ],
            "name": "jenkins-agent-sg",
            "name_prefix": "",
            "owner_id": "677276109057",
            "revoke_rules_on_delete": false,
            "tags": {
              "Role": "Jenkins-Agent"
            },
            "tags_all": {
              "CostCenter": "DevOps",
              "Environment": "Production",
              "Project": "CI/CD Pipeline",
              "Role": "Jenkins-Agent",
              "Terraform": "true"
            },
            "timeouts": null,
            "vpc_id": "vpc-00a5791a6a2f92c0e"
          },
          "sensitive_attributes": [],
          "private": "eyJlMmJmYjczMC1lY2FhLTExZTYtOGY4OC0zNDM2M2JjN2M0YzAiOnsiY3JlYXRlIjo2MDAwMDAwMDAwMDAsImRlbGV0ZSI6OTAwMDAwMDAwMDAwfSwic2NoZW1hX3ZlcnNpb24iOiIxIn0=",
          "dependencies": [
            "module.vpc.aws_vpc.this"
          ]
        }
      ]
    },
    {
      "mode": "managed",
      "type": "aws_security_group",
      "name": "jenkins_master_sg",
      "provider": "provider[\"registry.terraform.io/hashicorp/aws\"]",
      "instances": [
        {
          "schema_version": 1,
          "attributes": {
            "arn": "arn:aws:ec2:us-east-1:677276109057:security-group/sg-0617b5778ad23e974",
            "description": "Jenkins Master security group",
            "egress": [
              {
                "cidr_blocks": [
                  "0.0.0.0/0"
                ],
                "description": "",
                "from_port": 0,
                "ipv6_cidr_blocks": [],
                "prefix_list_ids": [],
                "protocol": "-1",
                "security_groups": [],
                "self": false,
                "to_port": 0
              }
            ],
            "id": "sg-0617b5778ad23e974",
            "ingress": [
              {
                "cidr_blocks": [
                  "0.0.0.0/0"
                ],
                "description": "Jenkins Web Interface",
                "from_port": 8080,
                "ipv6_cidr_blocks": [],
                "prefix_list_ids": [],
                "protocol": "tcp",
                "security_groups": [],
                "self": false,
                "to_port": 8080
              },
              {
                "cidr_blocks": [
                  "10.0.0.0/16"
                ],
                "description": "JNLP Agent Communication",
                "from_port": 50000,
                "ipv6_cidr_blocks": [],
                "prefix_list_ids": [],
                "protocol": "tcp",
                "security_groups": [],
                "self": false,
                "to_port": 50000
              },
              {
                "cidr_blocks": [],
                "description": "SSH from Ansible Controller",
                "from_port": 22,
                "ipv6_cidr_blocks": [],
                "prefix_list_ids": [],
                "protocol": "tcp",
                "security_groups": [
                  "sg-0963b038443a76e37"
                ],
                "self": false,
                "to_port": 22
              }
            ],
            "name": "jenkins-master-sg",
            "name_prefix": "",
            "owner_id": "677276109057",
            "revoke_rules_on_delete": false,
            "tags": {
              "Role": "Jenkins-Master"
            },
            "tags_all": {
              "CostCenter": "DevOps",
              "Environment": "Production",
              "Project": "CI/CD Pipeline",
              "Role": "Jenkins-Master",
              "Terraform": "true"
            },
            "timeouts": null,
            "vpc_id": "vpc-00a5791a6a2f92c0e"
          },
          "sensitive_attributes": [],
          "private": "eyJlMmJmYjczMC1lY2FhLTExZTYtOGY4OC0zNDM2M2JjN2M0YzAiOnsiY3JlYXRlIjo2MDAwMDAwMDAwMDAsImRlbGV0ZSI6OTAwMDAwMDAwMDAwfSwic2NoZW1hX3ZlcnNpb24iOiIxIn0=",
          "dependencies": [
            "aws_security_group.ansible_sg",
            "module.vpc.aws_vpc.this"
          ]
        }
      ]
    },
    {
      "mode": "managed",
      "type": "local_file",
      "name": "private_key",
      "provider": "provider[\"registry.terraform.io/hashicorp/local\"]",
      "instances": [
        {
          "schema_version": 0,
          "attributes": {
            "content": "-----BEGIN RSA PRIVATE KEY-----\nMIIJKgIBAAKCAgEAw8v9ENPoSSr3sh/nNMkyOv8I8jmeML0ynuxyo7LBPYJ8vZYu\nh9+B/RR11u9PBVbZnvOxBl1OXlVXG3BvCs73RQovovYOm6kZa3qLNcXXLhURDiFI\nWbe74UqO0qfO+ZZissb4sTi6oKt/pByiTznqUeZtUS94uVdrLY8+KKgXM9cT0wQF\n19s3deG+wsXyVmRN/yObK0+WkcT3ZYtdBI/kH2cOVfNhfKPhVnHcSglwBSR9wpC0\nduti323O570L1WlGQaiNzvhiSTVzZseI0voudiPmejMAg+LoJNSG0nSo6WPTiGTx\njJM083p7bRBLMbcdrTJuNkUG03WO7KPXhkOboZpKBTKJxIxzNZn1xmqPBA21sQma\nv8MD+20j+Eb7B6iwhxZPJKKaDP5ApQkHVjafOLeVFdwEUUOFU996xfazBRP8gI7p\nZvYJYVakEwlzPfZbbltgx6KHV/BbIT3NkYHY6ty7OCD/SUa0AxS7tgL86S86h9/L\nonDq2lArple2u9gEMg0BOBsmEbr85QlKnhThGbF9xuX6X0sr1oxjre96QFOtbWOZ\nZQmz1hbQ6QVakC0QLvTEzM+w9Kqz0HH8on86hOw89q1mxc8JmtidIxJVa2xGwTX4\nr9APFrx3UxAwoYaHFszxr/yd9FIZP2LdIYErU7CDpQU0HL5xxAX/CiX0jAMCAwEA\nAQKCAgEAqhIgSWOn2xZFfSWVERbKWNB6ltxRegh9VeoQUfzNOX6El7FBzafpI0mI\naiAIRZ0A/r6yP9MAZZQ/S4hIC91mj0OfyS9t1Ov3NpKFJToqBM8rt1hVngioW7MF\niBlXARkNtjh6gIXEJheRkZ2Fpsepr2Y2AlT3yhYS9Mn9thb7wH3LrHlMEglKjUx/\nBHQoYb5SuZHWELLbGNc8BaoeK/5IqrY7j5EOVtOKwim4rV6xPOZLjptfBgTEJ0sc\nc9KT2tXMvu+H7gV2ahzRlq8vPAMwJFJeujpe8jBAcO1iBqBqr/+UGF+GKRMc5Xi4\niS2kAxUJ5A1wChe/LCJq+UX/yZIkNZ5OZlEsD7cxZEWmH6xBhS8x7ciU33JnAm7m\nNgO5u0zG4wBrjVnY3mmFTwkAj7CQwBfQ4+tso5KtPEfwGx+9bioqQYwkgYwsJO9/\nCJNkzCj/FIi7N9nS5Z8W8QgHIsSP3rByFfpHvX4TqJr1vuAqB8JCklX6/YZDVgfC\nZtDnw2xOV9L829IWagwKj+RgAIRuTm3wWgBHn+AFBahkuXmPlfesamPDtQpggSTU\nVZpS4iegDrput3KX9PQqBrzVYxdgJc2u/Ij5Zo1XpR978N6XWU262vp6XXoCQGig\nkRmT1B2LsoGX6WaT/U/mFbR/2g570su3TjpWMDd/bSqh51k7JhECggEBAMwFm7ps\nPNrI0oq+KNQxCk86Z3iOU1i+OFIrhZ23AhleajffpaUEn4dIhLruvmAw7xxx8nXF\nLa/5/ELf4dfd+AjSqXh6dpSBZLlev8Pe7w2hWWXyew9RbhNVq+IoBRRR96QBJFHM\n83p3ZNLjr4+ixSdd2Gg6io+KqBiRcagLvRyUakHB3E4Yr3e5gs2UkYC3rWktNH+s\nH6VODG6cdlCJ55+SUNVzTJrcKu4GSga9/D9fSdyuedAg2GBzyFaUVl3JraKJyB/b\nEVw+aZYaFPkLe08NQ/QKR8TS4jhCvPpdwGwBXq9n9O92dYlI6qaNs1XJPg/KvzYD\nrP5Rnce8L2jn1TUCggEBAPWt7/XcUY/J56DW55t9BpyIYOCJJR80lqy8SoCvcWpK\ng4NXKLHOoQ2mMjYC99X/QtAZarQWnay+AshlTure4cidLFmnv1CfpTYCYbJLUqbN\npW6sQdA5Muns5RjD+yo67RF0epe42jggDwp01rExEunfxtcfm4fl9KEjOEcpmp5A\ncZjglXL5mJy77rC+RlZOMjTNjfsNZCgdiEp3472DnlkzUs6b/KZUTWzspNjHtihp\nqOc04wZB2sa3LEJ1mZyVN4js1VA0viQH/ZxEwpc0qIZmt7RUoknIFslwF7ndEi/5\nZHttBqLIjb3/HslBPDAEAlQXf4wy89AQligs/WNEm1cCggEBAMDxRNbGab6WUNY5\nA6+4OQG4QAY4wwWXzveWhSQj4G5RZa41aRdoCd4MbMnD4nJhlJ+X+y35LT3Q8gnk\nZFabamgdoXt4hQ/oVnMf8caw2+5N+pd4+3v/DFRonsagBj2zTrjhA5IAevoEU2tF\nO9BgpIaYL4JSaptZC6NAWPYNM+kFSn+pcEjC+54D6Hm22OubyPlAcPeUtdDEwOkS\nOqnr4Qp9esiB455IPKkhdXxuy1C7MsTqk/SKO1br6DhIzGyhv/2Iw6OsrvxHYd88\nBz2G6DRYXT07Q6gVry55nvI/GyyJFxxW+cJEit8sAA1G0KR+TpzspmvUihNw5//u\nLf/Nz0kCggEBAL9GPJzee2HHgF7o8klMfelBBKvMGurAts6lihvGfDaU7O9E3JoS\nlbFaw5zpkqs5oXsDTuAG+5uSE/iRZ2/VN1RJik4DHCBZKvdxwz5dBmx3j2UrF9JV\nth4KIhO2AcZPOmNsnEWj1cH8s7kgXkZ2PpN3dgfmw+B6WItcMGS3L3omEktEDxcE\n3JyqdJuGiJyJJO2XXAMp2eChnYrc7KKP5qjsHHxfVcTpvZ4gX/enBVtRZ/8aXeZx\nPzOXSQ41IPOX+TTRrwJTDfZfgkQ4BIhUpyB8uGndurxW2+bZLp+2ToKrWF//8jqq\nijBygDWQZJu9g1KVOOiegtRrFX0SCfVPZOECggEAGA1AcNhtaiY1JJt6eXnrlBOD\ntZpohUSkzHeppdoDkrtST2vI8UglLK+f6kvuuBLY1IvcQy+fO3hYRS/fKhgvXf5V\nTUvOeomBT9+uqmvbfaZLwSw0jfqDxKBWTKGjqFWvRkvU4ookWwaF4fqi57MUHZV3\n5E+MSCgVwVxFY+Ahz1ZnVNPW8sLJ+PPB8ozUGzQU8pKjWxqKpD3S1ig3GPem7v0y\nkfphAZDGng1XN7vqgPHk43OfBktbhHQIZpeVfUECTxFVn8Tiblb8/hDv4d3xtBV1\nma1z4bx53TentaACxKzEPI54GpeoX2FiO3rpVQzadl6DXVN0NFEc7HJnrREgyQ==\n-----END RSA PRIVATE KEY-----\n",
            "content_base64": null,
            "content_base64sha256": "U5LniBEr0H1Nx/O6kHKxP+Lo+qBdhvcRxot0Db1eFfo=",
            "content_base64sha512": "5rLHGf1sVZoEkXxHTy0SqiTacNCv+zSb8V0HVFsizoS6DUhOiYxcsIgN+WkpQldXwgIbtj3PCYGd8OyZ27GoFA==",
            "content_md5": "62d6d3bc5d8ad16ec0f946b9882629e6",
            "content_sha1": "a3a0edd158fa9bb9dbfa9c1e292394ec4c5d86d9",
            "content_sha256": "5392e788112bd07d4dc7f3ba9072b13fe2e8faa05d86f711c68b740dbd5e15fa",
            "content_sha512": "e6b2c719fd6c559a04917c474f2d12aa24da70d0affb349bf15d07545b22ce84ba0d484e898c5cb0880df96929425757c2021bb63dcf09819df0ec99dbb1a814",
            "directory_permission": "0777",
            "file_permission": "0600",
            "filename": "./.ssh/jenkins_ci_cd.pem",
            "id": "a3a0edd158fa9bb9dbfa9c1e292394ec4c5d86d9",
            "sensitive_content": null,
            "source": null
          },
          "sensitive_attributes": [
            [
              {
                "type": "get_attr",
                "value": "content"
              }
            ],
            [
              {
                "type": "get_attr",
                "value": "sensitive_content"
              }
            ]
          ],
          "dependencies": [
            "tls_private_key.ssh_key"
          ]
        }
      ]
    },
    {
      "mode": "managed",
      "type": "tls_private_key",
      "name": "ssh_key",
      "provider": "provider[\"registry.terraform.io/hashicorp/tls\"]",
      "instances": [
        {
          "schema_version": 1,
          "attributes": {
            "algorithm": "RSA",
            "ecdsa_curve": "P224",
            "id": "23529361a53b16543c81620e77f3a7803d07f058",
            "private_key_openssh": "-----BEGIN OPENSSH PRIVATE KEY-----\nb3BlbnNzaC1rZXktdjEAAAAABG5vbmUAAAAEbm9uZQAAAAAAAAABAAACFwAAAAdz\nc2gtcnNhAAAAAwEAAQAAAgEAw8v9ENPoSSr3sh/nNMkyOv8I8jmeML0ynuxyo7LB\nPYJ8vZYuh9+B/RR11u9PBVbZnvOxBl1OXlVXG3BvCs73RQovovYOm6kZa3qLNcXX\nLhURDiFIWbe74UqO0qfO+ZZissb4sTi6oKt/pByiTznqUeZtUS94uVdrLY8+KKgX\nM9cT0wQF19s3deG+wsXyVmRN/yObK0+WkcT3ZYtdBI/kH2cOVfNhfKPhVnHcSglw\nBSR9wpC0duti323O570L1WlGQaiNzvhiSTVzZseI0voudiPmejMAg+LoJNSG0nSo\n6WPTiGTxjJM083p7bRBLMbcdrTJuNkUG03WO7KPXhkOboZpKBTKJxIxzNZn1xmqP\nBA21sQmav8MD+20j+Eb7B6iwhxZPJKKaDP5ApQkHVjafOLeVFdwEUUOFU996xfaz\nBRP8gI7pZvYJYVakEwlzPfZbbltgx6KHV/BbIT3NkYHY6ty7OCD/SUa0AxS7tgL8\n6S86h9/LonDq2lArple2u9gEMg0BOBsmEbr85QlKnhThGbF9xuX6X0sr1oxjre96\nQFOtbWOZZQmz1hbQ6QVakC0QLvTEzM+w9Kqz0HH8on86hOw89q1mxc8JmtidIxJV\na2xGwTX4r9APFrx3UxAwoYaHFszxr/yd9FIZP2LdIYErU7CDpQU0HL5xxAX/CiX0\njAMAAAc44S+KB+EvigcAAAAHc3NoLXJzYQAAAgEAw8v9ENPoSSr3sh/nNMkyOv8I\n8jmeML0ynuxyo7LBPYJ8vZYuh9+B/RR11u9PBVbZnvOxBl1OXlVXG3BvCs73RQov\novYOm6kZa3qLNcXXLhURDiFIWbe74UqO0qfO+ZZissb4sTi6oKt/pByiTznqUeZt\nUS94uVdrLY8+KKgXM9cT0wQF19s3deG+wsXyVmRN/yObK0+WkcT3ZYtdBI/kH2cO\nVfNhfKPhVnHcSglwBSR9wpC0duti323O570L1WlGQaiNzvhiSTVzZseI0voudiPm\nejMAg+LoJNSG0nSo6WPTiGTxjJM083p7bRBLMbcdrTJuNkUG03WO7KPXhkOboZpK\nBTKJxIxzNZn1xmqPBA21sQmav8MD+20j+Eb7B6iwhxZPJKKaDP5ApQkHVjafOLeV\nFdwEUUOFU996xfazBRP8gI7pZvYJYVakEwlzPfZbbltgx6KHV/BbIT3NkYHY6ty7\nOCD/SUa0AxS7tgL86S86h9/LonDq2lArple2u9gEMg0BOBsmEbr85QlKnhThGbF9\nxuX6X0sr1oxjre96QFOtbWOZZQmz1hbQ6QVakC0QLvTEzM+w9Kqz0HH8on86hOw8\n9q1mxc8JmtidIxJVa2xGwTX4r9APFrx3UxAwoYaHFszxr/yd9FIZP2LdIYErU7CD\npQU0HL5xxAX/CiX0jAMAAAADAQABAAACAQCqEiBJY6fbFkV9JZURFspY0HqW3FF6\nCH1V6hBR/M05foSXsUHNp+kjSYhqIAhFnQD+vrI/0wBllD9LiEgL3WaPQ5/JL23U\n6/c2koUlOioEzyu3WFWeCKhbswWIGVcBGQ22OHqAhcQmF5GRnYWmx6mvZjYCVPfK\nFhL0yf22FvvAfcuseUwSCUqNTH8EdChhvlK5kdYQstsY1zwFqh4r/kiqtjuPkQ5W\n04rCKbitXrE85kuOm18GBMQnSxxz0pPa1cy+74fuBXZqHNGWry88AzAkUl66Ol7y\nMEBw7WIGoGqv/5QYX4YpExzleLiJLaQDFQnkDXAKF78sImr5Rf/JkiQ1nk5mUSwP\ntzFkRaYfrEGFLzHtyJTfcmcCbuY2A7m7TMbjAGuNWdjeaYVPCQCPsJDAF9Dj62yj\nkq08R/AbH71uKipBjCSBjCwk738Ik2TMKP8UiLs32dLlnxbxCAcixI/esHIV+ke9\nfhOomvW+4CoHwkKSVfr9hkNWB8Jm0OfDbE5X0vzb0hZqDAqP5GAAhG5ObfBaAEef\n4AUFqGS5eY+V96xqY8O1CmCBJNRVmlLiJ6AOum63cpf09CoGvNVjF2Alza78iPlm\njVelH3vw3pdZTbra+npdegJAaKCRGZPUHYuygZfpZpP9T+YVtH/aDnvSy7dOOlYw\nN39tKqHnWTsmEQAAAQAYDUBw2G1qJjUkm3p5eeuUE4O1mmiFRKTMd6ml2gOSu1JP\na8jxSCUsr5/qS+64EtjUi9xDL587eFhFL98qGC9d/lVNS856iYFP366qa9t9pkvB\nLDSN+oPEoFZMoaOoVa9GS9TiiiRbBoXh+qLnsxQdlXfkT4xIKBXBXEVj4CHPVmdU\n09bywsn488HyjNQbNBTykqNbGoqkPdLWKDcY96bu/TKR+mEBkMaeDVc3u+qA8eTj\nc58GS1uEdAhml5V9QQJPEVWfxOJuVvz+EO/h3fG0FXWZrXPhvHndN6e1oALErMQ8\njngal6hfYWI7eulVDNp2XoNdU3Q0URzscmetESDJAAABAQDMBZu6bDzayNKKvijU\nMQpPOmd4jlNYvjhSK4WdtwIZXmo336WlBJ+HSIS67r5gMO8ccfJ1xS2v+fxC3+HX\n3fgI0ql4enaUgWS5Xr/D3u8NoVll8nsPUW4TVaviKAUUUfekASRRzPN6d2TS46+P\nosUnXdhoOoqPiqgYkXGoC70clGpBwdxOGK93uYLNlJGAt61pLTR/rB+lTgxunHZQ\nieefklDVc0ya3CruBkoGvfw/X0ncrnnQINhgc8hWlFZdya2iicgf2xFcPmmWGhT5\nC3tPDUP0CkfE0uI4Qrz6XcBsAV6vZ/TvdnWJSOqmjbNVyT4Pyr82A6z+UZ3HvC9o\n59U1AAABAQD1re/13FGPyeeg1uebfQaciGDgiSUfNJasvEqAr3FqSoODVyixzqEN\npjI2AvfV/0LQGWq0Fp2svgLIZU7q3uHInSxZp79Qn6U2AmGyS1KmzaVurEHQOTLp\n7OUYw/sqOu0RdHqXuNo4IA8KdNaxMRLp38bXH5uH5fShIzhHKZqeQHGY4JVy+Zic\nu+6wvkZWTjI0zY37DWQoHYhKd+O9g55ZM1LOm/ymVE1s7KTYx7YoaajnNOMGQdrG\ntyxCdZmclTeI7NVQNL4kB/2cRMKXNKiGZre0VKJJyBbJcBe53RIv+WR7bQaiyI29\n/x7JQTwwBAJUF3+MMvPQEJYoLP1jRJtXAAAAAAEC\n-----END OPENSSH PRIVATE KEY-----\n",
            "private_key_pem": "-----BEGIN RSA PRIVATE KEY-----\nMIIJKgIBAAKCAgEAw8v9ENPoSSr3sh/nNMkyOv8I8jmeML0ynuxyo7LBPYJ8vZYu\nh9+B/RR11u9PBVbZnvOxBl1OXlVXG3BvCs73RQovovYOm6kZa3qLNcXXLhURDiFI\nWbe74UqO0qfO+ZZissb4sTi6oKt/pByiTznqUeZtUS94uVdrLY8+KKgXM9cT0wQF\n19s3deG+wsXyVmRN/yObK0+WkcT3ZYtdBI/kH2cOVfNhfKPhVnHcSglwBSR9wpC0\nduti323O570L1WlGQaiNzvhiSTVzZseI0voudiPmejMAg+LoJNSG0nSo6WPTiGTx\njJM083p7bRBLMbcdrTJuNkUG03WO7KPXhkOboZpKBTKJxIxzNZn1xmqPBA21sQma\nv8MD+20j+Eb7B6iwhxZPJKKaDP5ApQkHVjafOLeVFdwEUUOFU996xfazBRP8gI7p\nZvYJYVakEwlzPfZbbltgx6KHV/BbIT3NkYHY6ty7OCD/SUa0AxS7tgL86S86h9/L\nonDq2lArple2u9gEMg0BOBsmEbr85QlKnhThGbF9xuX6X0sr1oxjre96QFOtbWOZ\nZQmz1hbQ6QVakC0QLvTEzM+w9Kqz0HH8on86hOw89q1mxc8JmtidIxJVa2xGwTX4\nr9APFrx3UxAwoYaHFszxr/yd9FIZP2LdIYErU7CDpQU0HL5xxAX/CiX0jAMCAwEA\nAQKCAgEAqhIgSWOn2xZFfSWVERbKWNB6ltxRegh9VeoQUfzNOX6El7FBzafpI0mI\naiAIRZ0A/r6yP9MAZZQ/S4hIC91mj0OfyS9t1Ov3NpKFJToqBM8rt1hVngioW7MF\niBlXARkNtjh6gIXEJheRkZ2Fpsepr2Y2AlT3yhYS9Mn9thb7wH3LrHlMEglKjUx/\nBHQoYb5SuZHWELLbGNc8BaoeK/5IqrY7j5EOVtOKwim4rV6xPOZLjptfBgTEJ0sc\nc9KT2tXMvu+H7gV2ahzRlq8vPAMwJFJeujpe8jBAcO1iBqBqr/+UGF+GKRMc5Xi4\niS2kAxUJ5A1wChe/LCJq+UX/yZIkNZ5OZlEsD7cxZEWmH6xBhS8x7ciU33JnAm7m\nNgO5u0zG4wBrjVnY3mmFTwkAj7CQwBfQ4+tso5KtPEfwGx+9bioqQYwkgYwsJO9/\nCJNkzCj/FIi7N9nS5Z8W8QgHIsSP3rByFfpHvX4TqJr1vuAqB8JCklX6/YZDVgfC\nZtDnw2xOV9L829IWagwKj+RgAIRuTm3wWgBHn+AFBahkuXmPlfesamPDtQpggSTU\nVZpS4iegDrput3KX9PQqBrzVYxdgJc2u/Ij5Zo1XpR978N6XWU262vp6XXoCQGig\nkRmT1B2LsoGX6WaT/U/mFbR/2g570su3TjpWMDd/bSqh51k7JhECggEBAMwFm7ps\nPNrI0oq+KNQxCk86Z3iOU1i+OFIrhZ23AhleajffpaUEn4dIhLruvmAw7xxx8nXF\nLa/5/ELf4dfd+AjSqXh6dpSBZLlev8Pe7w2hWWXyew9RbhNVq+IoBRRR96QBJFHM\n83p3ZNLjr4+ixSdd2Gg6io+KqBiRcagLvRyUakHB3E4Yr3e5gs2UkYC3rWktNH+s\nH6VODG6cdlCJ55+SUNVzTJrcKu4GSga9/D9fSdyuedAg2GBzyFaUVl3JraKJyB/b\nEVw+aZYaFPkLe08NQ/QKR8TS4jhCvPpdwGwBXq9n9O92dYlI6qaNs1XJPg/KvzYD\nrP5Rnce8L2jn1TUCggEBAPWt7/XcUY/J56DW55t9BpyIYOCJJR80lqy8SoCvcWpK\ng4NXKLHOoQ2mMjYC99X/QtAZarQWnay+AshlTure4cidLFmnv1CfpTYCYbJLUqbN\npW6sQdA5Muns5RjD+yo67RF0epe42jggDwp01rExEunfxtcfm4fl9KEjOEcpmp5A\ncZjglXL5mJy77rC+RlZOMjTNjfsNZCgdiEp3472DnlkzUs6b/KZUTWzspNjHtihp\nqOc04wZB2sa3LEJ1mZyVN4js1VA0viQH/ZxEwpc0qIZmt7RUoknIFslwF7ndEi/5\nZHttBqLIjb3/HslBPDAEAlQXf4wy89AQligs/WNEm1cCggEBAMDxRNbGab6WUNY5\nA6+4OQG4QAY4wwWXzveWhSQj4G5RZa41aRdoCd4MbMnD4nJhlJ+X+y35LT3Q8gnk\nZFabamgdoXt4hQ/oVnMf8caw2+5N+pd4+3v/DFRonsagBj2zTrjhA5IAevoEU2tF\nO9BgpIaYL4JSaptZC6NAWPYNM+kFSn+pcEjC+54D6Hm22OubyPlAcPeUtdDEwOkS\nOqnr4Qp9esiB455IPKkhdXxuy1C7MsTqk/SKO1br6DhIzGyhv/2Iw6OsrvxHYd88\nBz2G6DRYXT07Q6gVry55nvI/GyyJFxxW+cJEit8sAA1G0KR+TpzspmvUihNw5//u\nLf/Nz0kCggEBAL9GPJzee2HHgF7o8klMfelBBKvMGurAts6lihvGfDaU7O9E3JoS\nlbFaw5zpkqs5oXsDTuAG+5uSE/iRZ2/VN1RJik4DHCBZKvdxwz5dBmx3j2UrF9JV\nth4KIhO2AcZPOmNsnEWj1cH8s7kgXkZ2PpN3dgfmw+B6WItcMGS3L3omEktEDxcE\n3JyqdJuGiJyJJO2XXAMp2eChnYrc7KKP5qjsHHxfVcTpvZ4gX/enBVtRZ/8aXeZx\nPzOXSQ41IPOX+TTRrwJTDfZfgkQ4BIhUpyB8uGndurxW2+bZLp+2ToKrWF//8jqq\nijBygDWQZJu9g1KVOOiegtRrFX0SCfVPZOECggEAGA1AcNhtaiY1JJt6eXnrlBOD\ntZpohUSkzHeppdoDkrtST2vI8UglLK+f6kvuuBLY1IvcQy+fO3hYRS/fKhgvXf5V\nTUvOeomBT9+uqmvbfaZLwSw0jfqDxKBWTKGjqFWvRkvU4ookWwaF4fqi57MUHZV3\n5E+MSCgVwVxFY+Ahz1ZnVNPW8sLJ+PPB8ozUGzQU8pKjWxqKpD3S1ig3GPem7v0y\nkfphAZDGng1XN7vqgPHk43OfBktbhHQIZpeVfUECTxFVn8Tiblb8/hDv4d3xtBV1\nma1z4bx53TentaACxKzEPI54GpeoX2FiO3rpVQzadl6DXVN0NFEc7HJnrREgyQ==\n-----END RSA PRIVATE KEY-----\n",
            "private_key_pem_pkcs8": "-----BEGIN PRIVATE KEY-----\nMIIJRAIBADANBgkqhkiG9w0BAQEFAASCCS4wggkqAgEAAoICAQDDy/0Q0+hJKvey\nH+c0yTI6/wjyOZ4wvTKe7HKjssE9gny9li6H34H9FHXW708FVtme87EGXU5eVVcb\ncG8KzvdFCi+i9g6bqRlreos1xdcuFREOIUhZt7vhSo7Sp875lmKyxvixOLqgq3+k\nHKJPOepR5m1RL3i5V2stjz4oqBcz1xPTBAXX2zd14b7CxfJWZE3/I5srT5aRxPdl\ni10Ej+QfZw5V82F8o+FWcdxKCXAFJH3CkLR262Lfbc7nvQvVaUZBqI3O+GJJNXNm\nx4jS+i52I+Z6MwCD4ugk1IbSdKjpY9OIZPGMkzTzenttEEsxtx2tMm42RQbTdY7s\no9eGQ5uhmkoFMonEjHM1mfXGao8EDbWxCZq/wwP7bSP4RvsHqLCHFk8kopoM/kCl\nCQdWNp84t5UV3ARRQ4VT33rF9rMFE/yAjulm9glhVqQTCXM99ltuW2DHoodX8Fsh\nPc2Rgdjq3Ls4IP9JRrQDFLu2AvzpLzqH38uicOraUCumV7a72AQyDQE4GyYRuvzl\nCUqeFOEZsX3G5fpfSyvWjGOt73pAU61tY5llCbPWFtDpBVqQLRAu9MTMz7D0qrPQ\ncfyifzqE7Dz2rWbFzwma2J0jElVrbEbBNfiv0A8WvHdTEDChhocWzPGv/J30Uhk/\nYt0hgStTsIOlBTQcvnHEBf8KJfSMAwIDAQABAoICAQCqEiBJY6fbFkV9JZURFspY\n0HqW3FF6CH1V6hBR/M05foSXsUHNp+kjSYhqIAhFnQD+vrI/0wBllD9LiEgL3WaP\nQ5/JL23U6/c2koUlOioEzyu3WFWeCKhbswWIGVcBGQ22OHqAhcQmF5GRnYWmx6mv\nZjYCVPfKFhL0yf22FvvAfcuseUwSCUqNTH8EdChhvlK5kdYQstsY1zwFqh4r/kiq\ntjuPkQ5W04rCKbitXrE85kuOm18GBMQnSxxz0pPa1cy+74fuBXZqHNGWry88AzAk\nUl66Ol7yMEBw7WIGoGqv/5QYX4YpExzleLiJLaQDFQnkDXAKF78sImr5Rf/JkiQ1\nnk5mUSwPtzFkRaYfrEGFLzHtyJTfcmcCbuY2A7m7TMbjAGuNWdjeaYVPCQCPsJDA\nF9Dj62yjkq08R/AbH71uKipBjCSBjCwk738Ik2TMKP8UiLs32dLlnxbxCAcixI/e\nsHIV+ke9fhOomvW+4CoHwkKSVfr9hkNWB8Jm0OfDbE5X0vzb0hZqDAqP5GAAhG5O\nbfBaAEef4AUFqGS5eY+V96xqY8O1CmCBJNRVmlLiJ6AOum63cpf09CoGvNVjF2Al\nza78iPlmjVelH3vw3pdZTbra+npdegJAaKCRGZPUHYuygZfpZpP9T+YVtH/aDnvS\ny7dOOlYwN39tKqHnWTsmEQKCAQEAzAWbumw82sjSir4o1DEKTzpneI5TWL44UiuF\nnbcCGV5qN9+lpQSfh0iEuu6+YDDvHHHydcUtr/n8Qt/h1934CNKpeHp2lIFkuV6/\nw97vDaFZZfJ7D1FuE1Wr4igFFFH3pAEkUczzendk0uOvj6LFJ13YaDqKj4qoGJFx\nqAu9HJRqQcHcThivd7mCzZSRgLetaS00f6wfpU4Mbpx2UInnn5JQ1XNMmtwq7gZK\nBr38P19J3K550CDYYHPIVpRWXcmtoonIH9sRXD5plhoU+Qt7Tw1D9ApHxNLiOEK8\n+l3AbAFer2f073Z1iUjqpo2zVck+D8q/NgOs/lGdx7wvaOfVNQKCAQEA9a3v9dxR\nj8nnoNbnm30GnIhg4IklHzSWrLxKgK9xakqDg1cosc6hDaYyNgL31f9C0BlqtBad\nrL4CyGVO6t7hyJ0sWae/UJ+lNgJhsktSps2lbqxB0Dky6ezlGMP7KjrtEXR6l7ja\nOCAPCnTWsTES6d/G1x+bh+X0oSM4RymankBxmOCVcvmYnLvusL5GVk4yNM2N+w1k\nKB2ISnfjvYOeWTNSzpv8plRNbOyk2Me2KGmo5zTjBkHaxrcsQnWZnJU3iOzVUDS+\nJAf9nETClzSohma3tFSiScgWyXAXud0SL/lke20GosiNvf8eyUE8MAQCVBd/jDLz\n0BCWKCz9Y0SbVwKCAQEAwPFE1sZpvpZQ1jkDr7g5AbhABjjDBZfO95aFJCPgblFl\nrjVpF2gJ3gxsycPicmGUn5f7LfktPdDyCeRkVptqaB2he3iFD+hWcx/xxrDb7k36\nl3j7e/8MVGiexqAGPbNOuOEDkgB6+gRTa0U70GCkhpgvglJqm1kLo0BY9g0z6QVK\nf6lwSML7ngPoebbY65vI+UBw95S10MTA6RI6qevhCn16yIHjnkg8qSF1fG7LULsy\nxOqT9Io7VuvoOEjMbKG//YjDo6yu/Edh3zwHPYboNFhdPTtDqBWvLnme8j8bLIkX\nHFb5wkSK3ywADUbQpH5OnOyma9SKE3Dn/+4t/83PSQKCAQEAv0Y8nN57YceAXujy\nSUx96UEEq8wa6sC2zqWKG8Z8NpTs70TcmhKVsVrDnOmSqzmhewNO4Ab7m5IT+JFn\nb9U3VEmKTgMcIFkq93HDPl0GbHePZSsX0lW2HgoiE7YBxk86Y2ycRaPVwfyzuSBe\nRnY+k3d2B+bD4HpYi1wwZLcveiYSS0QPFwTcnKp0m4aInIkk7ZdcAynZ4KGditzs\noo/mqOwcfF9VxOm9niBf96cFW1Fn/xpd5nE/M5dJDjUg85f5NNGvAlMN9l+CRDgE\niFSnIHy4ad26vFbb5tkun7ZOgqtYX//yOqqKMHKANZBkm72DUpU46J6C1GsVfRIJ\n9U9k4QKCAQAYDUBw2G1qJjUkm3p5eeuUE4O1mmiFRKTMd6ml2gOSu1JPa8jxSCUs\nr5/qS+64EtjUi9xDL587eFhFL98qGC9d/lVNS856iYFP366qa9t9pkvBLDSN+oPE\noFZMoaOoVa9GS9TiiiRbBoXh+qLnsxQdlXfkT4xIKBXBXEVj4CHPVmdU09bywsn4\n88HyjNQbNBTykqNbGoqkPdLWKDcY96bu/TKR+mEBkMaeDVc3u+qA8eTjc58GS1uE\ndAhml5V9QQJPEVWfxOJuVvz+EO/h3fG0FXWZrXPhvHndN6e1oALErMQ8jngal6hf\nYWI7eulVDNp2XoNdU3Q0URzscmetESDJ\n-----END PRIVATE KEY-----\n",
            "public_key_fingerprint_md5": "c3:50:bb:df:82:35:5c:c1:91:65:10:94:05:6d:c0:b5",
            "public_key_fingerprint_sha256": "SHA256:SRdvf4gin2qjMDZ98yVtfcBonnk2h4qPIrRk8jdubEo",
            "public_key_openssh": "ssh-rsa AAAAB3NzaC1yc2EAAAADAQABAAACAQDDy/0Q0+hJKveyH+c0yTI6/wjyOZ4wvTKe7HKjssE9gny9li6H34H9FHXW708FVtme87EGXU5eVVcbcG8KzvdFCi+i9g6bqRlreos1xdcuFREOIUhZt7vhSo7Sp875lmKyxvixOLqgq3+kHKJPOepR5m1RL3i5V2stjz4oqBcz1xPTBAXX2zd14b7CxfJWZE3/I5srT5aRxPdli10Ej+QfZw5V82F8o+FWcdxKCXAFJH3CkLR262Lfbc7nvQvVaUZBqI3O+GJJNXNmx4jS+i52I+Z6MwCD4ugk1IbSdKjpY9OIZPGMkzTzenttEEsxtx2tMm42RQbTdY7so9eGQ5uhmkoFMonEjHM1mfXGao8EDbWxCZq/wwP7bSP4RvsHqLCHFk8kopoM/kClCQdWNp84t5UV3ARRQ4VT33rF9rMFE/yAjulm9glhVqQTCXM99ltuW2DHoodX8FshPc2Rgdjq3Ls4IP9JRrQDFLu2AvzpLzqH38uicOraUCumV7a72AQyDQE4GyYRuvzlCUqeFOEZsX3G5fpfSyvWjGOt73pAU61tY5llCbPWFtDpBVqQLRAu9MTMz7D0qrPQcfyifzqE7Dz2rWbFzwma2J0jElVrbEbBNfiv0A8WvHdTEDChhocWzPGv/J30Uhk/Yt0hgStTsIOlBTQcvnHEBf8KJfSMAw==\n",
            "public_key_pem": "-----BEGIN PUBLIC KEY-----\nMIICIjANBgkqhkiG9w0BAQEFAAOCAg8AMIICCgKCAgEAw8v9ENPoSSr3sh/nNMky\nOv8I8jmeML0ynuxyo7LBPYJ8vZYuh9+B/RR11u9PBVbZnvOxBl1OXlVXG3BvCs73\nRQovovYOm6kZa3qLNcXXLhURDiFIWbe74UqO0qfO+ZZissb4sTi6oKt/pByiTznq\nUeZtUS94uVdrLY8+KKgXM9cT0wQF19s3deG+wsXyVmRN/yObK0+WkcT3ZYtdBI/k\nH2cOVfNhfKPhVnHcSglwBSR9wpC0duti323O570L1WlGQaiNzvhiSTVzZseI0vou\ndiPmejMAg+LoJNSG0nSo6WPTiGTxjJM083p7bRBLMbcdrTJuNkUG03WO7KPXhkOb\noZpKBTKJxIxzNZn1xmqPBA21sQmav8MD+20j+Eb7B6iwhxZPJKKaDP5ApQkHVjaf\nOLeVFdwEUUOFU996xfazBRP8gI7pZvYJYVakEwlzPfZbbltgx6KHV/BbIT3NkYHY\n6ty7OCD/SUa0AxS7tgL86S86h9/LonDq2lArple2u9gEMg0BOBsmEbr85QlKnhTh\nGbF9xuX6X0sr1oxjre96QFOtbWOZZQmz1hbQ6QVakC0QLvTEzM+w9Kqz0HH8on86\nhOw89q1mxc8JmtidIxJVa2xGwTX4r9APFrx3UxAwoYaHFszxr/yd9FIZP2LdIYEr\nU7CDpQU0HL5xxAX/CiX0jAMCAwEAAQ==\n-----END PUBLIC KEY-----\n",
            "rsa_bits": 4096
          },
          "sensitive_attributes": [
            [
              {
                "type": "get_attr",
                "value": "private_key_openssh"
              }
            ],
            [
              {
                "type": "get_attr",
                "value": "private_key_pem_pkcs8"
              }
            ],
            [
              {
                "type": "get_attr",
                "value": "private_key_pem"
              }
            ]
          ]
        }
      ]
    },
    {
      "module": "module.vpc",
      "mode": "managed",
      "type": "aws_db_subnet_group",
      "name": "database",
      "provider": "provider[\"registry.terraform.io/hashicorp/aws\"]",
      "instances": [
        {
          "index_key": 0,
          "schema_version": 0,
          "attributes": {
            "arn": "arn:aws:rds:us-east-1:677276109057:subgrp:jenkins-vpc",
            "description": "Database subnet group for jenkins-vpc",
            "id": "jenkins-vpc",
            "name": "jenkins-vpc",
            "name_prefix": "",
            "subnet_ids": [
              "subnet-0041ec41d366a47dd",
              "subnet-0fc817cdaf4a19436"
            ],
            "supported_network_types": [
              "IPV4"
            ],
            "tags": {
              "Name": "jenkins-vpc"
            },
            "tags_all": {
              "CostCenter": "DevOps",
              "Environment": "Production",
              "Name": "jenkins-vpc",
              "Project": "CI/CD Pipeline",
              "Terraform": "true"
            },
            "vpc_id": "vpc-00a5791a6a2f92c0e"
          },
          "sensitive_attributes": [],
          "private": "bnVsbA==",
          "dependencies": [
            "module.vpc.aws_subnet.database",
            "module.vpc.aws_vpc.this",
            "module.vpc.aws_vpc_ipv4_cidr_block_association.this"
          ]
        }
      ]
    },
    {
      "module": "module.vpc",
      "mode": "managed",
      "type": "aws_default_network_acl",
      "name": "this",
      "provider": "provider[\"registry.terraform.io/hashicorp/aws\"]",
      "instances": [
        {
          "index_key": 0,
          "schema_version": 0,
          "attributes": {
            "arn": "arn:aws:ec2:us-east-1:677276109057:network-acl/acl-0dd8ce133f985a215",
            "default_network_acl_id": "acl-0dd8ce133f985a215",
            "egress": [
              {
                "action": "allow",
                "cidr_block": "",
                "from_port": 0,
                "icmp_code": 0,
                "icmp_type": 0,
                "ipv6_cidr_block": "::/0",
                "protocol": "-1",
                "rule_no": 101,
                "to_port": 0
              },
              {
                "action": "allow",
                "cidr_block": "0.0.0.0/0",
                "from_port": 0,
                "icmp_code": 0,
                "icmp_type": 0,
                "ipv6_cidr_block": "",
                "protocol": "-1",
                "rule_no": 100,
                "to_port": 0
              }
            ],
            "id": "acl-0dd8ce133f985a215",
            "ingress": [
              {
                "action": "allow",
                "cidr_block": "",
                "from_port": 0,
                "icmp_code": 0,
                "icmp_type": 0,
                "ipv6_cidr_block": "::/0",
                "protocol": "-1",
                "rule_no": 101,
                "to_port": 0
              },
              {
                "action": "allow",
                "cidr_block": "0.0.0.0/0",
                "from_port": 0,
                "icmp_code": 0,
                "icmp_type": 0,
                "ipv6_cidr_block": "",
                "protocol": "-1",
                "rule_no": 100,
                "to_port": 0
              }
            ],
            "owner_id": "677276109057",
            "subnet_ids": [
              "subnet-0041ec41d366a47dd",
              "subnet-062f5d53c16f01e1c",
              "subnet-0749aed70129fb980",
              "subnet-09d96f52bf15ea78b",
              "subnet-0c62d5c85cbf3fc25",
              "subnet-0fc817cdaf4a19436"
            ],
            "tags": {
              "Name": "jenkins-vpc-default"
            },
            "tags_all": {
              "CostCenter": "DevOps",
              "Environment": "Production",
              "Name": "jenkins-vpc-default",
              "Project": "CI/CD Pipeline",
              "Terraform": "true"
            },
            "vpc_id": "vpc-00a5791a6a2f92c0e"
          },
          "sensitive_attributes": [],
          "private": "bnVsbA==",
          "dependencies": [
            "module.vpc.aws_vpc.this"
          ]
        }
      ]
    },
    {
      "module": "module.vpc",
      "mode": "managed",
      "type": "aws_default_route_table",
      "name": "default",
      "provider": "provider[\"registry.terraform.io/hashicorp/aws\"]",
      "instances": [
        {
          "index_key": 0,
          "schema_version": 0,
          "attributes": {
            "arn": "arn:aws:ec2:us-east-1:677276109057:route-table/rtb-034b7028743526ccc",
            "default_route_table_id": "rtb-034b7028743526ccc",
            "id": "rtb-034b7028743526ccc",
            "owner_id": "677276109057",
            "propagating_vgws": [],
            "route": [],
            "tags": {
              "Name": "jenkins-vpc-default"
            },
            "tags_all": {
              "CostCenter": "DevOps",
              "Environment": "Production",
              "Name": "jenkins-vpc-default",
              "Project": "CI/CD Pipeline",
              "Terraform": "true"
            },
            "timeouts": {
              "create": "5m",
              "update": "5m"
            },
            "vpc_id": "vpc-00a5791a6a2f92c0e"
          },
          "sensitive_attributes": [],
          "private": "eyJlMmJmYjczMC1lY2FhLTExZTYtOGY4OC0zNDM2M2JjN2M0YzAiOnsiY3JlYXRlIjozMDAwMDAwMDAwMDAsInVwZGF0ZSI6MzAwMDAwMDAwMDAwfX0=",
          "dependencies": [
            "module.vpc.aws_vpc.this"
          ]
        }
      ]
    },
    {
      "module": "module.vpc",
      "mode": "managed",
      "type": "aws_default_security_group",
      "name": "this",
      "provider": "provider[\"registry.terraform.io/hashicorp/aws\"]",
      "instances": [
        {
          "index_key": 0,
          "schema_version": 1,
          "attributes": {
            "arn": "arn:aws:ec2:us-east-1:677276109057:security-group/sg-0fdcb7086b2e3eaa0",
            "description": "default VPC security group",
            "egress": [],
            "id": "sg-0fdcb7086b2e3eaa0",
            "ingress": [],
            "name": "default",
            "name_prefix": "",
            "owner_id": "677276109057",
            "revoke_rules_on_delete": false,
            "tags": {
              "Name": "jenkins-vpc-default"
            },
            "tags_all": {
              "CostCenter": "DevOps",
              "Environment": "Production",
              "Name": "jenkins-vpc-default",
              "Project": "CI/CD Pipeline",
              "Terraform": "true"
            },
            "vpc_id": "vpc-00a5791a6a2f92c0e"
          },
          "sensitive_attributes": [],
          "private": "eyJzY2hlbWFfdmVyc2lvbiI6IjEifQ==",
          "dependencies": [
            "module.vpc.aws_vpc.this"
          ]
        }
      ]
    },
    {
      "module": "module.vpc",
      "mode": "managed",
      "type": "aws_eip",
      "name": "nat",
      "provider": "provider[\"registry.terraform.io/hashicorp/aws\"]",
      "instances": [
        {
          "index_key": 0,
          "schema_version": 0,
          "attributes": {
            "address": null,
            "allocation_id": "eipalloc-061ff1478603ccd3e",
            "arn": "arn:aws:ec2:us-east-1:677276109057:elastic-ip/eipalloc-061ff1478603ccd3e",
            "associate_with_private_ip": null,
            "association_id": "eipassoc-071e689f1cd04f8cc",
            "carrier_ip": "",
            "customer_owned_ip": "",
            "customer_owned_ipv4_pool": "",
            "domain": "vpc",
            "id": "eipalloc-061ff1478603ccd3e",
            "instance": "",
            "ipam_pool_id": null,
            "network_border_group": "us-east-1",
            "network_interface": "eni-0a6251ab78338b81d",
            "private_dns": "ip-10-0-1-182.ec2.internal",
            "private_ip": "10.0.1.182",
            "ptr_record": "",
            "public_dns": "ec2-52-0-86-96.compute-1.amazonaws.com",
            "public_ip": "52.0.86.96",
            "public_ipv4_pool": "amazon",
            "tags": {
              "Name": "jenkins-vpc-us-east-1a"
            },
            "tags_all": {
              "CostCenter": "DevOps",
              "Environment": "Production",
              "Name": "jenkins-vpc-us-east-1a",
              "Project": "CI/CD Pipeline",
              "Terraform": "true"
            },
            "timeouts": null,
            "vpc": true
          },
          "sensitive_attributes": [],
          "private": "eyJlMmJmYjczMC1lY2FhLTExZTYtOGY4OC0zNDM2M2JjN2M0YzAiOnsiZGVsZXRlIjoxODAwMDAwMDAwMDAsInJlYWQiOjkwMDAwMDAwMDAwMCwidXBkYXRlIjozMDAwMDAwMDAwMDB9fQ==",
          "dependencies": [
            "module.vpc.aws_internet_gateway.this",
            "module.vpc.aws_vpc.this",
            "module.vpc.aws_vpc_ipv4_cidr_block_association.this"
          ]
        },
        {
          "index_key": 1,
          "schema_version": 0,
          "attributes": {
            "address": null,
            "allocation_id": "eipalloc-0a6225847de0e2d86",
            "arn": "arn:aws:ec2:us-east-1:677276109057:elastic-ip/eipalloc-0a6225847de0e2d86",
            "associate_with_private_ip": null,
            "association_id": "eipassoc-01772b69728567e52",
            "carrier_ip": "",
            "customer_owned_ip": "",
            "customer_owned_ipv4_pool": "",
            "domain": "vpc",
            "id": "eipalloc-0a6225847de0e2d86",
            "instance": "",
            "ipam_pool_id": null,
            "network_border_group": "us-east-1",
            "network_interface": "eni-05ed0e148a71bf79b",
            "private_dns": "ip-10-0-2-27.ec2.internal",
            "private_ip": "10.0.2.27",
            "ptr_record": "",
            "public_dns": "ec2-44-219-148-173.compute-1.amazonaws.com",
            "public_ip": "44.219.148.173",
            "public_ipv4_pool": "amazon",
            "tags": {
              "Name": "jenkins-vpc-us-east-1b"
            },
            "tags_all": {
              "CostCenter": "DevOps",
              "Environment": "Production",
              "Name": "jenkins-vpc-us-east-1b",
              "Project": "CI/CD Pipeline",
              "Terraform": "true"
            },
            "timeouts": null,
            "vpc": true
          },
          "sensitive_attributes": [],
          "private": "eyJlMmJmYjczMC1lY2FhLTExZTYtOGY4OC0zNDM2M2JjN2M0YzAiOnsiZGVsZXRlIjoxODAwMDAwMDAwMDAsInJlYWQiOjkwMDAwMDAwMDAwMCwidXBkYXRlIjozMDAwMDAwMDAwMDB9fQ==",
          "dependencies": [
            "module.vpc.aws_internet_gateway.this",
            "module.vpc.aws_vpc.this",
            "module.vpc.aws_vpc_ipv4_cidr_block_association.this"
          ]
        }
      ]
    },
    {
      "module": "module.vpc",
      "mode": "managed",
      "type": "aws_internet_gateway",
      "name": "this",
      "provider": "provider[\"registry.terraform.io/hashicorp/aws\"]",
      "instances": [
        {
          "index_key": 0,
          "schema_version": 0,
          "attributes": {
            "arn": "arn:aws:ec2:us-east-1:677276109057:internet-gateway/igw-01597de31bf3ca5ab",
            "id": "igw-01597de31bf3ca5ab",
            "owner_id": "677276109057",
            "tags": {
              "Name": "jenkins-vpc"
            },
            "tags_all": {
              "CostCenter": "DevOps",
              "Environment": "Production",
              "Name": "jenkins-vpc",
              "Project": "CI/CD Pipeline",
              "Terraform": "true"
            },
            "timeouts": null,
            "vpc_id": "vpc-00a5791a6a2f92c0e"
          },
          "sensitive_attributes": [],
          "private": "eyJlMmJmYjczMC1lY2FhLTExZTYtOGY4OC0zNDM2M2JjN2M0YzAiOnsiY3JlYXRlIjoxMjAwMDAwMDAwMDAwLCJkZWxldGUiOjEyMDAwMDAwMDAwMDAsInVwZGF0ZSI6MTIwMDAwMDAwMDAwMH19",
          "dependencies": [
            "module.vpc.aws_vpc.this",
            "module.vpc.aws_vpc_ipv4_cidr_block_association.this"
          ]
        }
      ]
    },
    {
      "module": "module.vpc",
      "mode": "managed",
      "type": "aws_nat_gateway",
      "name": "this",
      "provider": "provider[\"registry.terraform.io/hashicorp/aws\"]",
      "instances": [
        {
          "index_key": 0,
          "schema_version": 0,
          "attributes": {
            "allocation_id": "eipalloc-061ff1478603ccd3e",
            "association_id": "eipassoc-071e689f1cd04f8cc",
            "connectivity_type": "public",
            "id": "nat-06fcfc2103e063842",
            "network_interface_id": "eni-0a6251ab78338b81d",
            "private_ip": "10.0.1.182",
            "public_ip": "52.0.86.96",
            "secondary_allocation_ids": [],
            "secondary_private_ip_address_count": 0,
            "secondary_private_ip_addresses": [],
            "subnet_id": "subnet-0749aed70129fb980",
            "tags": {
              "Name": "jenkins-vpc-us-east-1a"
            },
            "tags_all": {
              "CostCenter": "DevOps",
              "Environment": "Production",
              "Name": "jenkins-vpc-us-east-1a",
              "Project": "CI/CD Pipeline",
              "Terraform": "true"
            },
            "timeouts": null
          },
          "sensitive_attributes": [],
          "private": "eyJlMmJmYjczMC1lY2FhLTExZTYtOGY4OC0zNDM2M2JjN2M0YzAiOnsiY3JlYXRlIjo2MDAwMDAwMDAwMDAsImRlbGV0ZSI6MTgwMDAwMDAwMDAwMCwidXBkYXRlIjo2MDAwMDAwMDAwMDB9fQ==",
          "dependencies": [
            "module.vpc.aws_eip.nat",
            "module.vpc.aws_internet_gateway.this",
            "module.vpc.aws_subnet.public",
            "module.vpc.aws_vpc.this",
            "module.vpc.aws_vpc_ipv4_cidr_block_association.this"
          ]
        },
        {
          "index_key": 1,
          "schema_version": 0,
          "attributes": {
            "allocation_id": "eipalloc-0a6225847de0e2d86",
            "association_id": "eipassoc-01772b69728567e52",
            "connectivity_type": "public",
            "id": "nat-04a0c1679089c2a3e",
            "network_interface_id": "eni-05ed0e148a71bf79b",
            "private_ip": "10.0.2.27",
            "public_ip": "44.219.148.173",
            "secondary_allocation_ids": [],
            "secondary_private_ip_address_count": 0,
            "secondary_private_ip_addresses": [],
            "subnet_id": "subnet-09d96f52bf15ea78b",
            "tags": {
              "Name": "jenkins-vpc-us-east-1b"
            },
            "tags_all": {
              "CostCenter": "DevOps",
              "Environment": "Production",
              "Name": "jenkins-vpc-us-east-1b",
              "Project": "CI/CD Pipeline",
              "Terraform": "true"
            },
            "timeouts": null
          },
          "sensitive_attributes": [],
          "private": "eyJlMmJmYjczMC1lY2FhLTExZTYtOGY4OC0zNDM2M2JjN2M0YzAiOnsiY3JlYXRlIjo2MDAwMDAwMDAwMDAsImRlbGV0ZSI6MTgwMDAwMDAwMDAwMCwidXBkYXRlIjo2MDAwMDAwMDAwMDB9fQ==",
          "dependencies": [
            "module.vpc.aws_eip.nat",
            "module.vpc.aws_internet_gateway.this",
            "module.vpc.aws_subnet.public",
            "module.vpc.aws_vpc.this",
            "module.vpc.aws_vpc_ipv4_cidr_block_association.this"
          ]
        }
      ]
    },
    {
      "module": "module.vpc",
      "mode": "managed",
      "type": "aws_route",
      "name": "private_nat_gateway",
      "provider": "provider[\"registry.terraform.io/hashicorp/aws\"]",
      "instances": [
        {
          "index_key": 0,
          "schema_version": 0,
          "attributes": {
            "carrier_gateway_id": "",
            "core_network_arn": "",
            "destination_cidr_block": "0.0.0.0/0",
            "destination_ipv6_cidr_block": "",
            "destination_prefix_list_id": "",
            "egress_only_gateway_id": "",
            "gateway_id": "",
            "id": "r-rtb-07141eb578dccc0df1080289494",
            "instance_id": "",
            "instance_owner_id": "",
            "local_gateway_id": "",
            "nat_gateway_id": "nat-06fcfc2103e063842",
            "network_interface_id": "",
            "origin": "CreateRoute",
            "route_table_id": "rtb-07141eb578dccc0df",
            "state": "active",
            "timeouts": {
              "create": "5m",
              "delete": null,
              "update": null
            },
            "transit_gateway_id": "",
            "vpc_endpoint_id": "",
            "vpc_peering_connection_id": ""
          },
          "sensitive_attributes": [],
          "private": "eyJlMmJmYjczMC1lY2FhLTExZTYtOGY4OC0zNDM2M2JjN2M0YzAiOnsiY3JlYXRlIjozMDAwMDAwMDAwMDAsImRlbGV0ZSI6MzAwMDAwMDAwMDAwLCJ1cGRhdGUiOjEyMDAwMDAwMDAwMH19",
          "dependencies": [
            "module.vpc.aws_eip.nat",
            "module.vpc.aws_internet_gateway.this",
            "module.vpc.aws_nat_gateway.this",
            "module.vpc.aws_route_table.private",
            "module.vpc.aws_subnet.public",
            "module.vpc.aws_vpc.this",
            "module.vpc.aws_vpc_ipv4_cidr_block_association.this"
          ]
        },
        {
          "index_key": 1,
          "schema_version": 0,
          "attributes": {
            "carrier_gateway_id": "",
            "core_network_arn": "",
            "destination_cidr_block": "0.0.0.0/0",
            "destination_ipv6_cidr_block": "",
            "destination_prefix_list_id": "",
            "egress_only_gateway_id": "",
            "gateway_id": "",
            "id": "r-rtb-0a735d308662b75ef1080289494",
            "instance_id": "",
            "instance_owner_id": "",
            "local_gateway_id": "",
            "nat_gateway_id": "nat-04a0c1679089c2a3e",
            "network_interface_id": "",
            "origin": "CreateRoute",
            "route_table_id": "rtb-0a735d308662b75ef",
            "state": "active",
            "timeouts": {
              "create": "5m",
              "delete": null,
              "update": null
            },
            "transit_gateway_id": "",
            "vpc_endpoint_id": "",
            "vpc_peering_connection_id": ""
          },
          "sensitive_attributes": [],
          "private": "eyJlMmJmYjczMC1lY2FhLTExZTYtOGY4OC0zNDM2M2JjN2M0YzAiOnsiY3JlYXRlIjozMDAwMDAwMDAwMDAsImRlbGV0ZSI6MzAwMDAwMDAwMDAwLCJ1cGRhdGUiOjEyMDAwMDAwMDAwMH19",
          "dependencies": [
            "module.vpc.aws_eip.nat",
            "module.vpc.aws_internet_gateway.this",
            "module.vpc.aws_nat_gateway.this",
            "module.vpc.aws_route_table.private",
            "module.vpc.aws_subnet.public",
            "module.vpc.aws_vpc.this",
            "module.vpc.aws_vpc_ipv4_cidr_block_association.this"
          ]
        }
      ]
    },
    {
      "module": "module.vpc",
      "mode": "managed",
      "type": "aws_route",
      "name": "public_internet_gateway",
      "provider": "provider[\"registry.terraform.io/hashicorp/aws\"]",
      "instances": [
        {
          "index_key": 0,
          "schema_version": 0,
          "attributes": {
            "carrier_gateway_id": "",
            "core_network_arn": "",
            "destination_cidr_block": "0.0.0.0/0",
            "destination_ipv6_cidr_block": "",
            "destination_prefix_list_id": "",
            "egress_only_gateway_id": "",
            "gateway_id": "igw-01597de31bf3ca5ab",
            "id": "r-rtb-0f16140ba86b792121080289494",
            "instance_id": "",
            "instance_owner_id": "",
            "local_gateway_id": "",
            "nat_gateway_id": "",
            "network_interface_id": "",
            "origin": "CreateRoute",
            "route_table_id": "rtb-0f16140ba86b79212",
            "state": "active",
            "timeouts": {
              "create": "5m",
              "delete": null,
              "update": null
            },
            "transit_gateway_id": "",
            "vpc_endpoint_id": "",
            "vpc_peering_connection_id": ""
          },
          "sensitive_attributes": [],
          "private": "eyJlMmJmYjczMC1lY2FhLTExZTYtOGY4OC0zNDM2M2JjN2M0YzAiOnsiY3JlYXRlIjozMDAwMDAwMDAwMDAsImRlbGV0ZSI6MzAwMDAwMDAwMDAwLCJ1cGRhdGUiOjEyMDAwMDAwMDAwMH19",
          "dependencies": [
            "module.vpc.aws_internet_gateway.this",
            "module.vpc.aws_route_table.public",
            "module.vpc.aws_vpc.this",
            "module.vpc.aws_vpc_ipv4_cidr_block_association.this"
          ]
        }
      ]
    },
    {
      "module": "module.vpc",
      "mode": "managed",
      "type": "aws_route_table",
      "name": "private",
      "provider": "provider[\"registry.terraform.io/hashicorp/aws\"]",
      "instances": [
        {
          "index_key": 0,
          "schema_version": 0,
          "attributes": {
            "arn": "arn:aws:ec2:us-east-1:677276109057:route-table/rtb-07141eb578dccc0df",
            "id": "rtb-07141eb578dccc0df",
            "owner_id": "677276109057",
            "propagating_vgws": [],
            "route": [
              {
                "carrier_gateway_id": "",
                "cidr_block": "0.0.0.0/0",
                "core_network_arn": "",
                "destination_prefix_list_id": "",
                "egress_only_gateway_id": "",
                "gateway_id": "",
                "ipv6_cidr_block": "",
                "local_gateway_id": "",
                "nat_gateway_id": "nat-06fcfc2103e063842",
                "network_interface_id": "",
                "transit_gateway_id": "",
                "vpc_endpoint_id": "",
                "vpc_peering_connection_id": ""
              }
            ],
            "tags": {
              "Name": "jenkins-vpc-private-us-east-1a"
            },
            "tags_all": {
              "CostCenter": "DevOps",
              "Environment": "Production",
              "Name": "jenkins-vpc-private-us-east-1a",
              "Project": "CI/CD Pipeline",
              "Terraform": "true"
            },
            "timeouts": null,
            "vpc_id": "vpc-00a5791a6a2f92c0e"
          },
          "sensitive_attributes": [],
          "private": "eyJlMmJmYjczMC1lY2FhLTExZTYtOGY4OC0zNDM2M2JjN2M0YzAiOnsiY3JlYXRlIjozMDAwMDAwMDAwMDAsImRlbGV0ZSI6MzAwMDAwMDAwMDAwLCJ1cGRhdGUiOjEyMDAwMDAwMDAwMH19",
          "dependencies": [
            "module.vpc.aws_vpc.this",
            "module.vpc.aws_vpc_ipv4_cidr_block_association.this"
          ]
        },
        {
          "index_key": 1,
          "schema_version": 0,
          "attributes": {
            "arn": "arn:aws:ec2:us-east-1:677276109057:route-table/rtb-0a735d308662b75ef",
            "id": "rtb-0a735d308662b75ef",
            "owner_id": "677276109057",
            "propagating_vgws": [],
            "route": [
              {
                "carrier_gateway_id": "",
                "cidr_block": "0.0.0.0/0",
                "core_network_arn": "",
                "destination_prefix_list_id": "",
                "egress_only_gateway_id": "",
                "gateway_id": "",
                "ipv6_cidr_block": "",
                "local_gateway_id": "",
                "nat_gateway_id": "nat-04a0c1679089c2a3e",
                "network_interface_id": "",
                "transit_gateway_id": "",
                "vpc_endpoint_id": "",
                "vpc_peering_connection_id": ""
              }
            ],
            "tags": {
              "Name": "jenkins-vpc-private-us-east-1b"
            },
            "tags_all": {
              "CostCenter": "DevOps",
              "Environment": "Production",
              "Name": "jenkins-vpc-private-us-east-1b",
              "Project": "CI/CD Pipeline",
              "Terraform": "true"
            },
            "timeouts": null,
            "vpc_id": "vpc-00a5791a6a2f92c0e"
          },
          "sensitive_attributes": [],
          "private": "eyJlMmJmYjczMC1lY2FhLTExZTYtOGY4OC0zNDM2M2JjN2M0YzAiOnsiY3JlYXRlIjozMDAwMDAwMDAwMDAsImRlbGV0ZSI6MzAwMDAwMDAwMDAwLCJ1cGRhdGUiOjEyMDAwMDAwMDAwMH19",
          "dependencies": [
            "module.vpc.aws_vpc.this",
            "module.vpc.aws_vpc_ipv4_cidr_block_association.this"
          ]
        }
      ]
    },
    {
      "module": "module.vpc",
      "mode": "managed",
      "type": "aws_route_table",
      "name": "public",
      "provider": "provider[\"registry.terraform.io/hashicorp/aws\"]",
      "instances": [
        {
          "index_key": 0,
          "schema_version": 0,
          "attributes": {
            "arn": "arn:aws:ec2:us-east-1:677276109057:route-table/rtb-0f16140ba86b79212",
            "id": "rtb-0f16140ba86b79212",
            "owner_id": "677276109057",
            "propagating_vgws": [],
            "route": [
              {
                "carrier_gateway_id": "",
                "cidr_block": "0.0.0.0/0",
                "core_network_arn": "",
                "destination_prefix_list_id": "",
                "egress_only_gateway_id": "",
                "gateway_id": "igw-01597de31bf3ca5ab",
                "ipv6_cidr_block": "",
                "local_gateway_id": "",
                "nat_gateway_id": "",
                "network_interface_id": "",
                "transit_gateway_id": "",
                "vpc_endpoint_id": "",
                "vpc_peering_connection_id": ""
              }
            ],
            "tags": {
              "Name": "jenkins-vpc-public"
            },
            "tags_all": {
              "CostCenter": "DevOps",
              "Environment": "Production",
              "Name": "jenkins-vpc-public",
              "Project": "CI/CD Pipeline",
              "Terraform": "true"
            },
            "timeouts": null,
            "vpc_id": "vpc-00a5791a6a2f92c0e"
          },
          "sensitive_attributes": [],
          "private": "eyJlMmJmYjczMC1lY2FhLTExZTYtOGY4OC0zNDM2M2JjN2M0YzAiOnsiY3JlYXRlIjozMDAwMDAwMDAwMDAsImRlbGV0ZSI6MzAwMDAwMDAwMDAwLCJ1cGRhdGUiOjEyMDAwMDAwMDAwMH19",
          "dependencies": [
            "module.vpc.aws_vpc.this",
            "module.vpc.aws_vpc_ipv4_cidr_block_association.this"
          ]
        }
      ]
    },
    {
      "module": "module.vpc",
      "mode": "managed",
      "type": "aws_route_table_association",
      "name": "database",
      "provider": "provider[\"registry.terraform.io/hashicorp/aws\"]",
      "instances": [
        {
          "index_key": 0,
          "schema_version": 0,
          "attributes": {
            "gateway_id": "",
            "id": "rtbassoc-0a6ee41c630c3e442",
            "route_table_id": "rtb-07141eb578dccc0df",
            "subnet_id": "subnet-0fc817cdaf4a19436",
            "timeouts": null
          },
          "sensitive_attributes": [],
          "private": "eyJlMmJmYjczMC1lY2FhLTExZTYtOGY4OC0zNDM2M2JjN2M0YzAiOnsiY3JlYXRlIjozMDAwMDAwMDAwMDAsImRlbGV0ZSI6MzAwMDAwMDAwMDAwLCJ1cGRhdGUiOjEyMDAwMDAwMDAwMH19",
          "dependencies": [
            "module.vpc.aws_route_table.database",
            "module.vpc.aws_route_table.private",
            "module.vpc.aws_subnet.database",
            "module.vpc.aws_vpc.this",
            "module.vpc.aws_vpc_ipv4_cidr_block_association.this"
          ]
        },
        {
          "index_key": 1,
          "schema_version": 0,
          "attributes": {
            "gateway_id": "",
            "id": "rtbassoc-017fdcd6e1c3c2022",
            "route_table_id": "rtb-0a735d308662b75ef",
            "subnet_id": "subnet-0041ec41d366a47dd",
            "timeouts": null
          },
          "sensitive_attributes": [],
          "private": "eyJlMmJmYjczMC1lY2FhLTExZTYtOGY4OC0zNDM2M2JjN2M0YzAiOnsiY3JlYXRlIjozMDAwMDAwMDAwMDAsImRlbGV0ZSI6MzAwMDAwMDAwMDAwLCJ1cGRhdGUiOjEyMDAwMDAwMDAwMH19",
          "dependencies": [
            "module.vpc.aws_route_table.database",
            "module.vpc.aws_route_table.private",
            "module.vpc.aws_subnet.database",
            "module.vpc.aws_vpc.this",
            "module.vpc.aws_vpc_ipv4_cidr_block_association.this"
          ]
        }
      ]
    },
    {
      "module": "module.vpc",
      "mode": "managed",
      "type": "aws_route_table_association",
      "name": "private",
      "provider": "provider[\"registry.terraform.io/hashicorp/aws\"]",
      "instances": [
        {
          "index_key": 0,
          "schema_version": 0,
          "attributes": {
            "gateway_id": "",
            "id": "rtbassoc-0cda275ba4ef9cdc2",
            "route_table_id": "rtb-07141eb578dccc0df",
            "subnet_id": "subnet-0c62d5c85cbf3fc25",
            "timeouts": null
          },
          "sensitive_attributes": [],
          "private": "eyJlMmJmYjczMC1lY2FhLTExZTYtOGY4OC0zNDM2M2JjN2M0YzAiOnsiY3JlYXRlIjozMDAwMDAwMDAwMDAsImRlbGV0ZSI6MzAwMDAwMDAwMDAwLCJ1cGRhdGUiOjEyMDAwMDAwMDAwMH19",
          "dependencies": [
            "module.vpc.aws_route_table.private",
            "module.vpc.aws_subnet.private",
            "module.vpc.aws_vpc.this",
            "module.vpc.aws_vpc_ipv4_cidr_block_association.this"
          ]
        },
        {
          "index_key": 1,
          "schema_version": 0,
          "attributes": {
            "gateway_id": "",
            "id": "rtbassoc-0d4d5f8d2a88b51d4",
            "route_table_id": "rtb-0a735d308662b75ef",
            "subnet_id": "subnet-062f5d53c16f01e1c",
            "timeouts": null
          },
          "sensitive_attributes": [],
          "private": "eyJlMmJmYjczMC1lY2FhLTExZTYtOGY4OC0zNDM2M2JjN2M0YzAiOnsiY3JlYXRlIjozMDAwMDAwMDAwMDAsImRlbGV0ZSI6MzAwMDAwMDAwMDAwLCJ1cGRhdGUiOjEyMDAwMDAwMDAwMH19",
          "dependencies": [
            "module.vpc.aws_route_table.private",
            "module.vpc.aws_subnet.private",
            "module.vpc.aws_vpc.this",
            "module.vpc.aws_vpc_ipv4_cidr_block_association.this"
          ]
        }
      ]
    },
    {
      "module": "module.vpc",
      "mode": "managed",
      "type": "aws_route_table_association",
      "name": "public",
      "provider": "provider[\"registry.terraform.io/hashicorp/aws\"]",
      "instances": [
        {
          "index_key": 0,
          "schema_version": 0,
          "attributes": {
            "gateway_id": "",
            "id": "rtbassoc-064f11792bf8dafa3",
            "route_table_id": "rtb-0f16140ba86b79212",
            "subnet_id": "subnet-0749aed70129fb980",
            "timeouts": null
          },
          "sensitive_attributes": [],
          "private": "eyJlMmJmYjczMC1lY2FhLTExZTYtOGY4OC0zNDM2M2JjN2M0YzAiOnsiY3JlYXRlIjozMDAwMDAwMDAwMDAsImRlbGV0ZSI6MzAwMDAwMDAwMDAwLCJ1cGRhdGUiOjEyMDAwMDAwMDAwMH19",
          "dependencies": [
            "module.vpc.aws_route_table.public",
            "module.vpc.aws_subnet.public",
            "module.vpc.aws_vpc.this",
            "module.vpc.aws_vpc_ipv4_cidr_block_association.this"
          ]
        },
        {
          "index_key": 1,
          "schema_version": 0,
          "attributes": {
            "gateway_id": "",
            "id": "rtbassoc-04c883723482cf5d4",
            "route_table_id": "rtb-0f16140ba86b79212",
            "subnet_id": "subnet-09d96f52bf15ea78b",
            "timeouts": null
          },
          "sensitive_attributes": [],
          "private": "eyJlMmJmYjczMC1lY2FhLTExZTYtOGY4OC0zNDM2M2JjN2M0YzAiOnsiY3JlYXRlIjozMDAwMDAwMDAwMDAsImRlbGV0ZSI6MzAwMDAwMDAwMDAwLCJ1cGRhdGUiOjEyMDAwMDAwMDAwMH19",
          "dependencies": [
            "module.vpc.aws_route_table.public",
            "module.vpc.aws_subnet.public",
            "module.vpc.aws_vpc.this",
            "module.vpc.aws_vpc_ipv4_cidr_block_association.this"
          ]
        }
      ]
    },
    {
      "module": "module.vpc",
      "mode": "managed",
      "type": "aws_subnet",
      "name": "database",
      "provider": "provider[\"registry.terraform.io/hashicorp/aws\"]",
      "instances": [
        {
          "index_key": 0,
          "schema_version": 1,
          "attributes": {
            "arn": "arn:aws:ec2:us-east-1:677276109057:subnet/subnet-0fc817cdaf4a19436",
            "assign_ipv6_address_on_creation": false,
            "availability_zone": "us-east-1a",
            "availability_zone_id": "use1-az1",
            "cidr_block": "10.0.201.0/24",
            "customer_owned_ipv4_pool": "",
            "enable_dns64": false,
            "enable_lni_at_device_index": 0,
            "enable_resource_name_dns_a_record_on_launch": false,
            "enable_resource_name_dns_aaaa_record_on_launch": false,
            "id": "subnet-0fc817cdaf4a19436",
            "ipv6_cidr_block": "",
            "ipv6_cidr_block_association_id": "",
            "ipv6_native": false,
            "map_customer_owned_ip_on_launch": false,
            "map_public_ip_on_launch": false,
            "outpost_arn": "",
            "owner_id": "677276109057",
            "private_dns_hostname_type_on_launch": "ip-name",
            "tags": {
              "Name": "jenkins-vpc-db-us-east-1a"
            },
            "tags_all": {
              "CostCenter": "DevOps",
              "Environment": "Production",
              "Name": "jenkins-vpc-db-us-east-1a",
              "Project": "CI/CD Pipeline",
              "Terraform": "true"
            },
            "timeouts": null,
            "vpc_id": "vpc-00a5791a6a2f92c0e"
          },
          "sensitive_attributes": [],
          "private": "eyJlMmJmYjczMC1lY2FhLTExZTYtOGY4OC0zNDM2M2JjN2M0YzAiOnsiY3JlYXRlIjo2MDAwMDAwMDAwMDAsImRlbGV0ZSI6MTIwMDAwMDAwMDAwMH0sInNjaGVtYV92ZXJzaW9uIjoiMSJ9",
          "dependencies": [
            "module.vpc.aws_vpc.this",
            "module.vpc.aws_vpc_ipv4_cidr_block_association.this"
          ]
        },
        {
          "index_key": 1,
          "schema_version": 1,
          "attributes": {
            "arn": "arn:aws:ec2:us-east-1:677276109057:subnet/subnet-0041ec41d366a47dd",
            "assign_ipv6_address_on_creation": false,
            "availability_zone": "us-east-1b",
            "availability_zone_id": "use1-az2",
            "cidr_block": "10.0.202.0/24",
            "customer_owned_ipv4_pool": "",
            "enable_dns64": false,
            "enable_lni_at_device_index": 0,
            "enable_resource_name_dns_a_record_on_launch": false,
            "enable_resource_name_dns_aaaa_record_on_launch": false,
            "id": "subnet-0041ec41d366a47dd",
            "ipv6_cidr_block": "",
            "ipv6_cidr_block_association_id": "",
            "ipv6_native": false,
            "map_customer_owned_ip_on_launch": false,
            "map_public_ip_on_launch": false,
            "outpost_arn": "",
            "owner_id": "677276109057",
            "private_dns_hostname_type_on_launch": "ip-name",
            "tags": {
              "Name": "jenkins-vpc-db-us-east-1b"
            },
            "tags_all": {
              "CostCenter": "DevOps",
              "Environment": "Production",
              "Name": "jenkins-vpc-db-us-east-1b",
              "Project": "CI/CD Pipeline",
              "Terraform": "true"
            },
            "timeouts": null,
            "vpc_id": "vpc-00a5791a6a2f92c0e"
          },
          "sensitive_attributes": [],
          "private": "eyJlMmJmYjczMC1lY2FhLTExZTYtOGY4OC0zNDM2M2JjN2M0YzAiOnsiY3JlYXRlIjo2MDAwMDAwMDAwMDAsImRlbGV0ZSI6MTIwMDAwMDAwMDAwMH0sInNjaGVtYV92ZXJzaW9uIjoiMSJ9",
          "dependencies": [
            "module.vpc.aws_vpc.this",
            "module.vpc.aws_vpc_ipv4_cidr_block_association.this"
          ]
        }
      ]
    },
    {
      "module": "module.vpc",
      "mode": "managed",
      "type": "aws_subnet",
      "name": "private",
      "provider": "provider[\"registry.terraform.io/hashicorp/aws\"]",
      "instances": [
        {
          "index_key": 0,
          "schema_version": 1,
          "attributes": {
            "arn": "arn:aws:ec2:us-east-1:677276109057:subnet/subnet-0c62d5c85cbf3fc25",
            "assign_ipv6_address_on_creation": false,
            "availability_zone": "us-east-1a",
            "availability_zone_id": "use1-az1",
            "cidr_block": "10.0.101.0/24",
            "customer_owned_ipv4_pool": "",
            "enable_dns64": false,
            "enable_lni_at_device_index": 0,
            "enable_resource_name_dns_a_record_on_launch": false,
            "enable_resource_name_dns_aaaa_record_on_launch": false,
            "id": "subnet-0c62d5c85cbf3fc25",
            "ipv6_cidr_block": "",
            "ipv6_cidr_block_association_id": "",
            "ipv6_native": false,
            "map_customer_owned_ip_on_launch": false,
            "map_public_ip_on_launch": false,
            "outpost_arn": "",
            "owner_id": "677276109057",
            "private_dns_hostname_type_on_launch": "ip-name",
            "tags": {
              "Name": "jenkins-vpc-private-us-east-1a",
              "NetworkTier": "Private"
            },
            "tags_all": {
              "CostCenter": "DevOps",
              "Environment": "Production",
              "Name": "jenkins-vpc-private-us-east-1a",
              "NetworkTier": "Private",
              "Project": "CI/CD Pipeline",
              "Terraform": "true"
            },
            "timeouts": null,
            "vpc_id": "vpc-00a5791a6a2f92c0e"
          },
          "sensitive_attributes": [],
          "private": "eyJlMmJmYjczMC1lY2FhLTExZTYtOGY4OC0zNDM2M2JjN2M0YzAiOnsiY3JlYXRlIjo2MDAwMDAwMDAwMDAsImRlbGV0ZSI6MTIwMDAwMDAwMDAwMH0sInNjaGVtYV92ZXJzaW9uIjoiMSJ9",
          "dependencies": [
            "module.vpc.aws_vpc.this",
            "module.vpc.aws_vpc_ipv4_cidr_block_association.this"
          ]
        },
        {
          "index_key": 1,
          "schema_version": 1,
          "attributes": {
            "arn": "arn:aws:ec2:us-east-1:677276109057:subnet/subnet-062f5d53c16f01e1c",
            "assign_ipv6_address_on_creation": false,
            "availability_zone": "us-east-1b",
            "availability_zone_id": "use1-az2",
            "cidr_block": "10.0.102.0/24",
            "customer_owned_ipv4_pool": "",
            "enable_dns64": false,
            "enable_lni_at_device_index": 0,
            "enable_resource_name_dns_a_record_on_launch": false,
            "enable_resource_name_dns_aaaa_record_on_launch": false,
            "id": "subnet-062f5d53c16f01e1c",
            "ipv6_cidr_block": "",
            "ipv6_cidr_block_association_id": "",
            "ipv6_native": false,
            "map_customer_owned_ip_on_launch": false,
            "map_public_ip_on_launch": false,
            "outpost_arn": "",
            "owner_id": "677276109057",
            "private_dns_hostname_type_on_launch": "ip-name",
            "tags": {
              "Name": "jenkins-vpc-private-us-east-1b",
              "NetworkTier": "Private"
            },
            "tags_all": {
              "CostCenter": "DevOps",
              "Environment": "Production",
              "Name": "jenkins-vpc-private-us-east-1b",
              "NetworkTier": "Private",
              "Project": "CI/CD Pipeline",
              "Terraform": "true"
            },
            "timeouts": null,
            "vpc_id": "vpc-00a5791a6a2f92c0e"
          },
          "sensitive_attributes": [],
          "private": "eyJlMmJmYjczMC1lY2FhLTExZTYtOGY4OC0zNDM2M2JjN2M0YzAiOnsiY3JlYXRlIjo2MDAwMDAwMDAwMDAsImRlbGV0ZSI6MTIwMDAwMDAwMDAwMH0sInNjaGVtYV92ZXJzaW9uIjoiMSJ9",
          "dependencies": [
            "module.vpc.aws_vpc.this",
            "module.vpc.aws_vpc_ipv4_cidr_block_association.this"
          ]
        }
      ]
    },
    {
      "module": "module.vpc",
      "mode": "managed",
      "type": "aws_subnet",
      "name": "public",
      "provider": "provider[\"registry.terraform.io/hashicorp/aws\"]",
      "instances": [
        {
          "index_key": 0,
          "schema_version": 1,
          "attributes": {
            "arn": "arn:aws:ec2:us-east-1:677276109057:subnet/subnet-0749aed70129fb980",
            "assign_ipv6_address_on_creation": false,
            "availability_zone": "us-east-1a",
            "availability_zone_id": "use1-az1",
            "cidr_block": "10.0.1.0/24",
            "customer_owned_ipv4_pool": "",
            "enable_dns64": false,
            "enable_lni_at_device_index": 0,
            "enable_resource_name_dns_a_record_on_launch": false,
            "enable_resource_name_dns_aaaa_record_on_launch": false,
            "id": "subnet-0749aed70129fb980",
            "ipv6_cidr_block": "",
            "ipv6_cidr_block_association_id": "",
            "ipv6_native": false,
            "map_customer_owned_ip_on_launch": false,
            "map_public_ip_on_launch": false,
            "outpost_arn": "",
            "owner_id": "677276109057",
            "private_dns_hostname_type_on_launch": "ip-name",
            "tags": {
              "Name": "jenkins-vpc-public-us-east-1a",
              "NetworkTier": "Public"
            },
            "tags_all": {
              "CostCenter": "DevOps",
              "Environment": "Production",
              "Name": "jenkins-vpc-public-us-east-1a",
              "NetworkTier": "Public",
              "Project": "CI/CD Pipeline",
              "Terraform": "true"
            },
            "timeouts": null,
            "vpc_id": "vpc-00a5791a6a2f92c0e"
          },
          "sensitive_attributes": [],
          "private": "eyJlMmJmYjczMC1lY2FhLTExZTYtOGY4OC0zNDM2M2JjN2M0YzAiOnsiY3JlYXRlIjo2MDAwMDAwMDAwMDAsImRlbGV0ZSI6MTIwMDAwMDAwMDAwMH0sInNjaGVtYV92ZXJzaW9uIjoiMSJ9",
          "dependencies": [
            "module.vpc.aws_vpc.this",
            "module.vpc.aws_vpc_ipv4_cidr_block_association.this"
          ]
        },
        {
          "index_key": 1,
          "schema_version": 1,
          "attributes": {
            "arn": "arn:aws:ec2:us-east-1:677276109057:subnet/subnet-09d96f52bf15ea78b",
            "assign_ipv6_address_on_creation": false,
            "availability_zone": "us-east-1b",
            "availability_zone_id": "use1-az2",
            "cidr_block": "10.0.2.0/24",
            "customer_owned_ipv4_pool": "",
            "enable_dns64": false,
            "enable_lni_at_device_index": 0,
            "enable_resource_name_dns_a_record_on_launch": false,
            "enable_resource_name_dns_aaaa_record_on_launch": false,
            "id": "subnet-09d96f52bf15ea78b",
            "ipv6_cidr_block": "",
            "ipv6_cidr_block_association_id": "",
            "ipv6_native": false,
            "map_customer_owned_ip_on_launch": false,
            "map_public_ip_on_launch": false,
            "outpost_arn": "",
            "owner_id": "677276109057",
            "private_dns_hostname_type_on_launch": "ip-name",
            "tags": {
              "Name": "jenkins-vpc-public-us-east-1b",
              "NetworkTier": "Public"
            },
            "tags_all": {
              "CostCenter": "DevOps",
              "Environment": "Production",
              "Name": "jenkins-vpc-public-us-east-1b",
              "NetworkTier": "Public",
              "Project": "CI/CD Pipeline",
              "Terraform": "true"
            },
            "timeouts": null,
            "vpc_id": "vpc-00a5791a6a2f92c0e"
          },
          "sensitive_attributes": [],
          "private": "eyJlMmJmYjczMC1lY2FhLTExZTYtOGY4OC0zNDM2M2JjN2M0YzAiOnsiY3JlYXRlIjo2MDAwMDAwMDAwMDAsImRlbGV0ZSI6MTIwMDAwMDAwMDAwMH0sInNjaGVtYV92ZXJzaW9uIjoiMSJ9",
          "dependencies": [
            "module.vpc.aws_vpc.this",
            "module.vpc.aws_vpc_ipv4_cidr_block_association.this"
          ]
        }
      ]
    },
    {
      "module": "module.vpc",
      "mode": "managed",
      "type": "aws_vpc",
      "name": "this",
      "provider": "provider[\"registry.terraform.io/hashicorp/aws\"]",
      "instances": [
        {
          "index_key": 0,
          "schema_version": 1,
          "attributes": {
            "arn": "arn:aws:ec2:us-east-1:677276109057:vpc/vpc-00a5791a6a2f92c0e",
            "assign_generated_ipv6_cidr_block": false,
            "cidr_block": "10.0.0.0/16",
            "default_network_acl_id": "acl-0dd8ce133f985a215",
            "default_route_table_id": "rtb-034b7028743526ccc",
            "default_security_group_id": "sg-0fdcb7086b2e3eaa0",
            "dhcp_options_id": "dopt-0092bec4335c0e3f3",
            "enable_dns_hostnames": true,
            "enable_dns_support": true,
            "enable_network_address_usage_metrics": false,
            "id": "vpc-00a5791a6a2f92c0e",
            "instance_tenancy": "default",
            "ipv4_ipam_pool_id": null,
            "ipv4_netmask_length": null,
            "ipv6_association_id": "",
            "ipv6_cidr_block": "",
            "ipv6_cidr_block_network_border_group": "",
            "ipv6_ipam_pool_id": "",
            "ipv6_netmask_length": 0,
            "main_route_table_id": "rtb-034b7028743526ccc",
            "owner_id": "677276109057",
            "tags": {
              "Name": "jenkins-vpc"
            },
            "tags_all": {
              "CostCenter": "DevOps",
              "Environment": "Production",
              "Name": "jenkins-vpc",
              "Project": "CI/CD Pipeline",
              "Terraform": "true"
            }
          },
          "sensitive_attributes": [],
          "private": "eyJzY2hlbWFfdmVyc2lvbiI6IjEifQ=="
        }
      ]
    }
  ],
  "check_results": null
}
